<?xml version="1.0" encoding="utf-8"?>
<Project ToolsVersion="4.0" xmlns="http://schemas.microsoft.com/developer/msbuild/2003">
  <ItemGroup>
    <Filter Include="graphics">
      <UniqueIdentifier>{cb1c03cd-d6d1-4f43-af34-6697074c146d}</UniqueIdentifier>
    </Filter>
    <Filter Include="types">
      <UniqueIdentifier>{fd620aef-4525-47ae-adf3-362fb8c2c986}</UniqueIdentifier>
    </Filter>
    <Filter Include="engine">
      <UniqueIdentifier>{93995380-89BD-4b04-88EB-625FBE52EBFB}</UniqueIdentifier>
      <Extensions>h;hh;hpp;hxx;hm;inl;inc;xsd</Extensions>
    </Filter>
    <Filter Include="graphics\hpp">
      <UniqueIdentifier>{e3166858-4fa5-4850-8e1c-1e0d51062bc3}</UniqueIdentifier>
    </Filter>
    <Filter Include="graphics\cpp">
      <UniqueIdentifier>{2ec176d8-e8ea-4597-a3aa-c774c0631024}</UniqueIdentifier>
    </Filter>
    <Filter Include="engine\hpp">
      <UniqueIdentifier>{20b96924-7aa3-4a97-b191-7a5ae9cb791f}</UniqueIdentifier>
    </Filter>
    <Filter Include="engine\cpp">
      <UniqueIdentifier>{4387d6e6-c071-468e-8e81-c83c5161e336}</UniqueIdentifier>
    </Filter>
    <Filter Include="geometry">
      <UniqueIdentifier>{1f2f1f6a-eecb-4606-9f62-29bd0ca68436}</UniqueIdentifier>
    </Filter>
    <Filter Include="types\hpp">
      <UniqueIdentifier>{1725630c-bdd5-4fe5-b04d-d11ce977fd15}</UniqueIdentifier>
    </Filter>
    <Filter Include="types\cpp">
      <UniqueIdentifier>{327e368e-1ab1-4b7a-93c6-9df8391a8e51}</UniqueIdentifier>
    </Filter>
    <Filter Include="32blit">
      <UniqueIdentifier>{5415b2ee-cce8-420f-9291-984cff4335c3}</UniqueIdentifier>
    </Filter>
  </ItemGroup>
  <ItemGroup>
    <ClCompile Include="blend.cpp">
      <Filter>graphics\cpp</Filter>
    </ClCompile>
    <ClCompile Include="blit.cpp">
      <Filter>graphics\cpp</Filter>
    </ClCompile>
    <ClCompile Include="filter.cpp">
      <Filter>graphics\cpp</Filter>
    </ClCompile>
    <ClCompile Include="mask.cpp">
      <Filter>graphics\cpp</Filter>
    </ClCompile>
    <ClCompile Include="mode7.cpp">
      <Filter>graphics\cpp</Filter>
    </ClCompile>
    <ClCompile Include="primitive.cpp">
      <Filter>graphics\cpp</Filter>
    </ClCompile>
    <ClCompile Include="text.cpp">
      <Filter>graphics\cpp</Filter>
    </ClCompile>
    <ClCompile Include="geometry.cpp">
      <Filter>engine\cpp</Filter>
    </ClCompile>
    <ClCompile Include="map.cpp">
      <Filter>engine\cpp</Filter>
    </ClCompile>
    <ClCompile Include="timer.cpp">
      <Filter>engine\cpp</Filter>
    </ClCompile>
    <ClCompile Include="tweening.cpp">
      <Filter>engine\cpp</Filter>
    </ClCompile>
    <ClCompile Include="utility.cpp">
      <Filter>engine\cpp</Filter>
    </ClCompile>
    <ClCompile Include="vec2.cpp">
      <Filter>types\cpp</Filter>
    </ClCompile>
    <ClCompile Include="vec3.cpp">
      <Filter>types\cpp</Filter>
    </ClCompile>
    <ClCompile Include="engine.cpp">
      <Filter>engine\cpp</Filter>
    </ClCompile>
    <ClCompile Include="graphics.cpp">
      <Filter>graphics\cpp</Filter>
    </ClCompile>
    <ClCompile Include="sprite.cpp">
      <Filter>graphics\cpp</Filter>
    </ClCompile>
    <ClCompile Include="lua-bindings.cpp">
      <Filter>32blit</Filter>
    </ClCompile>
  </ItemGroup>
  <ItemGroup>
    <ClInclude Include="font.hpp">
      <Filter>graphics\hpp</Filter>
    </ClInclude>
    <ClInclude Include="geometry.hpp">
      <Filter>engine\hpp</Filter>
    </ClInclude>
    <ClInclude Include="helpers.hpp">
      <Filter>engine\hpp</Filter>
    </ClInclude>
    <ClInclude Include="map.hpp">
      <Filter>engine\hpp</Filter>
    </ClInclude>
    <ClInclude Include="timer.hpp">
      <Filter>engine\hpp</Filter>
    </ClInclude>
    <ClInclude Include="tweening.hpp">
      <Filter>engine\hpp</Filter>
    </ClInclude>
    <ClInclude Include="utility.hpp">
      <Filter>engine\hpp</Filter>
    </ClInclude>
    <ClInclude Include="types.hpp">
      <Filter>types\hpp</Filter>
    </ClInclude>
    <ClInclude Include="vec2.hpp">
      <Filter>types\hpp</Filter>
    </ClInclude>
    <ClInclude Include="vec3.hpp">
      <Filter>types\hpp</Filter>
    </ClInclude>
    <ClInclude Include="engine.hpp">
      <Filter>engine\hpp</Filter>
    </ClInclude>
    <ClInclude Include="graphics.hpp">
      <Filter>graphics\hpp</Filter>
    </ClInclude>
    <ClInclude Include="32blit.hpp">
      <Filter>32blit</Filter>
    </ClInclude>
  </ItemGroup>
</Project>