
Microsoft Visual Studio Solution File, Format Version 12.00
# Visual Studio 15
VisualStudioVersion = 15.0.28307.421
MinimumVisualStudioVersion = 10.0.40219.1
Project("{8BC9CEB8-8B4A-11D0-8D11-00A0C91BC942}") = "32blit", "32blit.vcxproj", "{81194030-18AD-4EB6-AEEA-C6244B325F0B}"
EndProject
Global
	GlobalSection(SolutionConfigurationPlatforms) = preSolution
		Debug|x64 = Debug|x64
		Debug|x86 = Debug|x86
		Release|x64 = Release|x64
		Release|x86 = Release|x86
	EndGlobalSection
	GlobalSection(ProjectConfigurationPlatforms) = postSolution
		{81194030-18AD-4EB6-AEEA-C6244B325F0B}.Debug|x64.ActiveCfg = Debug|x64
		{81194030-18AD-4EB6-AEEA-C6244B325F0B}.Debug|x64.Build.0 = Debug|x64
		{81194030-18AD-4EB6-AEEA-C6244B325F0B}.Debug|x86.ActiveCfg = Debug|Win32
		{81194030-18AD-4EB6-AEEA-C6244B325F0B}.Debug|x86.Build.0 = Debug|Win32
		{81194030-18AD-4EB6-AEEA-C6244B325F0B}.Release|x64.ActiveCfg = Release|x64
		{81194030-18AD-4EB6-AEEA-C6244B325F0B}.Release|x64.Build.0 = Release|x64
		{81194030-18AD-4EB6-AEEA-C6244B325F0B}.Release|x86.ActiveCfg = Release|Win32
		{81194030-18AD-4EB6-AEEA-C6244B325F0B}.Release|x86.Build.0 = Release|Win32
	EndGlobalSection
	GlobalSection(SolutionProperties) = preSolution
		HideSolutionNode = FALSE
	EndGlobalSection
	GlobalSection(ExtensibilityGlobals) = postSolution
		SolutionGuid = {B16C0904-34B4-4970-869E-3158967F3093}
	EndGlobalSection
EndGlobal
