#MicroXplorer Configuration settings - do not modify
ADC1.Channel-0\#ChannelRegularConversion=ADC_CHANNEL_4
ADC1.Channel-1\#ChannelRegularConversion=ADC_CHANNEL_10
ADC1.ClockPrescaler=ADC_CLOCK_ASYNC_DIV4
ADC1.ContinuousConvMode=DISABLE
ADC1.IPParameters=Rank-0\#ChannelRegularConversion,Channel-0\#ChannelRegularConversion,SamplingTime-0\#ChannelRegularConversion,OffsetNumber-0\#ChannelRegularConversion,NbrOfConversionFlag,ContinuousConvMode,Rank-1\#ChannelRegularConversion,Channel-1\#ChannelRegularConversion,SamplingTime-1\#ChannelRegularConversion,OffsetNumber-1\#ChannelRegularConversion,NbrOfConversion,Resolution,master,OversamplingMode,RightBitShift,Ratio,ClockPrescaler
ADC1.NbrOfConversion=2
ADC1.NbrOfConversionFlag=1
ADC1.OffsetNumber-0\#ChannelRegularConversion=ADC_OFFSET_NONE
ADC1.OffsetNumber-1\#ChannelRegularConversion=ADC_OFFSET_NONE
ADC1.OversamplingMode=ENABLE
ADC1.Rank-0\#ChannelRegularConversion=1
ADC1.Rank-1\#ChannelRegularConversion=2
ADC1.Ratio=256
ADC1.Resolution=ADC_RESOLUTION_16B
ADC1.RightBitShift=ADC_RIGHTBITSHIFT_8
ADC1.SamplingTime-0\#ChannelRegularConversion=ADC_SAMPLETIME_32CYCLES_5
ADC1.SamplingTime-1\#ChannelRegularConversion=ADC_SAMPLETIME_32CYCLES_5
ADC1.master=1
ADC3.Channel-0\#ChannelRegularConversion=ADC_CHANNEL_11
ADC3.Channel-1\#ChannelRegularConversion=ADC_CHANNEL_0
ADC3.Channel-2\#ChannelRegularConversion=ADC_CHANNEL_1
ADC3.ClockPrescaler=ADC_CLOCK_ASYNC_DIV4
ADC3.IPParameters=Rank-0\#ChannelRegularConversion,Channel-0\#ChannelRegularConversion,SamplingTime-0\#ChannelRegularConversion,OffsetNumber-0\#ChannelRegularConversion,NbrOfConversionFlag,Rank-1\#ChannelRegularConversion,Channel-1\#ChannelRegularConversion,SamplingTime-1\#ChannelRegularConversion,OffsetNumber-1\#ChannelRegularConversion,Rank-2\#ChannelRegularConversion,Channel-2\#ChannelRegularConversion,SamplingTime-2\#ChannelRegularConversion,OffsetNumber-2\#ChannelRegularConversion,NbrOfConversion,OversamplingMode,Ratio,RightBitShift,ClockPrescaler
ADC3.NbrOfConversion=3
ADC3.NbrOfConversionFlag=1
ADC3.OffsetNumber-0\#ChannelRegularConversion=ADC_OFFSET_NONE
ADC3.OffsetNumber-1\#ChannelRegularConversion=ADC_OFFSET_NONE
ADC3.OffsetNumber-2\#ChannelRegularConversion=ADC_OFFSET_NONE
ADC3.OversamplingMode=ENABLE
ADC3.Rank-0\#ChannelRegularConversion=1
ADC3.Rank-1\#ChannelRegularConversion=2
ADC3.Rank-2\#ChannelRegularConversion=3
ADC3.Ratio=256
ADC3.RightBitShift=ADC_RIGHTBITSHIFT_8
ADC3.SamplingTime-0\#ChannelRegularConversion=ADC_SAMPLETIME_32CYCLES_5
ADC3.SamplingTime-1\#ChannelRegularConversion=ADC_SAMPLETIME_32CYCLES_5
ADC3.SamplingTime-2\#ChannelRegularConversion=ADC_SAMPLETIME_32CYCLES_5
CORTEX_M7.CPU_DCache=Enabled
CORTEX_M7.CPU_ICache=Enabled
CORTEX_M7.IPParameters=CPU_ICache,CPU_DCache
DAC1.DAC_Channel-DAC_OUT2=DAC_CHANNEL_2
DAC1.DAC_Trigger-DAC_OUT2=DAC_TRIGGER_T6_TRGO
DAC1.IPParameters=DAC_Channel-DAC_OUT2,DAC_Trigger-DAC_OUT2
DMA2D.ColorMode=DMA2D_OUTPUT_RGB565
DMA2D.IPParameters=ColorMode,Mode
DMA2D.Mode=DMA2D_R2M
Dma.DAC1_CH2.0.Direction=DMA_MEMORY_TO_PERIPH
Dma.DAC1_CH2.0.EventEnable=ENABLE
Dma.DAC1_CH2.0.FIFOMode=DMA_FIFOMODE_DISABLE
Dma.DAC1_CH2.0.Instance=DMA1_Stream0
Dma.DAC1_CH2.0.MemDataAlignment=DMA_MDATAALIGN_HALFWORD
Dma.DAC1_CH2.0.MemInc=DMA_MINC_ENABLE
Dma.DAC1_CH2.0.Mode=DMA_CIRCULAR
Dma.DAC1_CH2.0.PeriphDataAlignment=DMA_PDATAALIGN_HALFWORD
Dma.DAC1_CH2.0.PeriphInc=DMA_PINC_DISABLE
Dma.DAC1_CH2.0.Polarity=HAL_DMAMUX_REQ_GEN_RISING
Dma.DAC1_CH2.0.Priority=DMA_PRIORITY_LOW
Dma.DAC1_CH2.0.RequestNumber=1
Dma.DAC1_CH2.0.RequestParameters=Instance,Direction,PeriphInc,MemInc,PeriphDataAlignment,MemDataAlignment,Mode,Priority,FIFOMode,SignalID,Polarity,RequestNumber,SyncSignalID,SyncPolarity,SyncEnable,EventEnable,SyncRequestNumber
Dma.DAC1_CH2.0.SignalID=NONE
Dma.DAC1_CH2.0.SyncEnable=DISABLE
Dma.DAC1_CH2.0.SyncPolarity=HAL_DMAMUX_SYNC_NO_EVENT
Dma.DAC1_CH2.0.SyncRequestNumber=1
Dma.DAC1_CH2.0.SyncSignalID=NONE
Dma.Request0=DAC1_CH2
Dma.RequestsNb=1
File.Version=6
HRTIM.IPParameters=PrescalerRatio_MASTER,SyncOptions
HRTIM.PrescalerRatio_MASTER=HRTIM_PRESCALERRATIO_DIV4
HRTIM.SyncOptions=HRTIM_SYNCOPTION_NONE
I2C4.I2C_Rise_Time=0
I2C4.IPParameters=Timing,Timeout,I2C_Rise_Time
I2C4.Timeout=0x000085B8
I2C4.Timing=0x307075B1
KeepUserPlacement=false
LTDC.ActiveH=240
LTDC.ActiveW=320
LTDC.Alpha0_L0=255
LTDC.Alpha_L0=255
LTDC.Blue=50
LTDC.Green=40
LTDC.HBP=43
LTDC.HFP=8
LTDC.HSPolarity=LTDC_HSPOLARITY_AL
LTDC.HSync=4
LTDC.IPParameters=HSync,VSync,HBP,VBP,ActiveW,HFP,ActiveH,VFP,PCPolarity,Red,Green,Blue,Layers,PixelFormat_L0,HSPolarity,VSPolarity,WindowX1_L0,WindowY1_L0,Alpha_L0,Alpha0_L0,ImageWidth_L0,ImageHeight_L0
LTDC.ImageHeight_L0=240
LTDC.ImageWidth_L0=320
LTDC.Layers=0
LTDC.PCPolarity=LTDC_PCPOLARITY_IIPC
LTDC.PixelFormat_L0=LTDC_PIXEL_FORMAT_RGB565
LTDC.Red=30
LTDC.VBP=12
LTDC.VFP=2
LTDC.VSPolarity=LTDC_VSPOLARITY_AL
LTDC.VSync=4
LTDC.WindowX1_L0=320
LTDC.WindowY1_L0=240
Mcu.Family=STM32H7
Mcu.IP0=ADC1
Mcu.IP1=ADC3
Mcu.IP10=I2C4
Mcu.IP11=LTDC
Mcu.IP12=NVIC
Mcu.IP13=QUADSPI
Mcu.IP14=RCC
Mcu.IP15=RNG
Mcu.IP16=SPI1
Mcu.IP17=SPI4
Mcu.IP18=SYS
Mcu.IP19=TIM3
Mcu.IP2=CORTEX_M7
Mcu.IP20=TIM4
Mcu.IP21=TIM6
Mcu.IP22=TIM15
Mcu.IP23=USB_OTG_HS
Mcu.IP3=DAC1
Mcu.IP4=DEBUG
Mcu.IP5=DMA
Mcu.IP6=DMA2D
Mcu.IP7=FATFS
Mcu.IP8=HASH
Mcu.IP9=HRTIM
Mcu.IPNb=24
Mcu.Name=STM32H750VBTx
Mcu.Package=LQFP100
Mcu.Pin0=PE2
Mcu.Pin1=PE5
Mcu.Pin10=PC2_C
Mcu.Pin11=PC3_C
Mcu.Pin12=PA0
Mcu.Pin13=PA1
Mcu.Pin14=PA2
Mcu.Pin15=PA3
Mcu.Pin16=PA4
Mcu.Pin17=PA5
Mcu.Pin18=PA6
Mcu.Pin19=PA7
Mcu.Pin2=PE6
Mcu.Pin20=PC4
Mcu.Pin21=PC5
Mcu.Pin22=PB0
Mcu.Pin23=PB1
Mcu.Pin24=PB2
Mcu.Pin25=PE7
Mcu.Pin26=PE8
Mcu.Pin27=PE9
Mcu.Pin28=PE10
Mcu.Pin29=PE11
Mcu.Pin3=PC13
Mcu.Pin30=PE12
Mcu.Pin31=PE13
Mcu.Pin32=PE14
Mcu.Pin33=PE15
Mcu.Pin34=PB10
Mcu.Pin35=PB11
Mcu.Pin36=PB12
Mcu.Pin37=PB13
Mcu.Pin38=PB14
Mcu.Pin39=PB15
Mcu.Pin4=PC14-OSC32_IN (OSC32_IN)
Mcu.Pin40=PD8
Mcu.Pin41=PD9
Mcu.Pin42=PD10
Mcu.Pin43=PD11
Mcu.Pin44=PD12
Mcu.Pin45=PD13
Mcu.Pin46=PD14
Mcu.Pin47=PD15
Mcu.Pin48=PC6
Mcu.Pin49=PC7
Mcu.Pin5=PC15-OSC32_OUT (OSC32_OUT)
Mcu.Pin50=PC8
Mcu.Pin51=PC9
Mcu.Pin52=PA8
Mcu.Pin53=PA9
Mcu.Pin54=PA11
Mcu.Pin55=PA12
Mcu.Pin56=PA13 (JTMS/SWDIO)
Mcu.Pin57=PA14 (JTCK/SWCLK)
Mcu.Pin58=PA15 (JTDI)
Mcu.Pin59=PC10
Mcu.Pin6=PH0-OSC_IN (PH0)
Mcu.Pin60=PC11
Mcu.Pin61=PD0
Mcu.Pin62=PD1
Mcu.Pin63=PD2
Mcu.Pin64=PD3
Mcu.Pin65=PD4
Mcu.Pin66=PD5
Mcu.Pin67=PD6
Mcu.Pin68=PD7
Mcu.Pin69=PB3 (JTDO/TRACESWO)
Mcu.Pin7=PH1-OSC_OUT (PH1)
Mcu.Pin70=PB4 (NJTRST)
Mcu.Pin71=PB5
Mcu.Pin72=PB6
Mcu.Pin73=PB8
Mcu.Pin74=PB9
Mcu.Pin75=VP_DMA2D_VS_DMA2D
Mcu.Pin76=VP_FATFS_VS_Generic
Mcu.Pin77=VP_HASH_VS_HASH
Mcu.Pin78=VP_HRTIM_VS_hrtimMasterTimerNoOutput
Mcu.Pin79=VP_RCC_USB
Mcu.Pin8=PC0
Mcu.Pin80=VP_RNG_VS_RNG
Mcu.Pin81=VP_SYS_VS_Systick
Mcu.Pin82=VP_TIM3_VS_ClockSourceINT
Mcu.Pin83=VP_TIM4_VS_ClockSourceINT
Mcu.Pin84=VP_TIM6_VS_ClockSourceINT
Mcu.Pin85=VP_TIM15_VS_ClockSourceINT
Mcu.Pin9=PC1
Mcu.PinsNb=86
Mcu.ThirdPartyNb=0
Mcu.UserConstants=
Mcu.UserName=STM32H750VBTx
MxCube.Version=5.4.0
MxDb.Version=DB.5.0.40
NVIC.BusFault_IRQn=true\:0\:0\:false\:false\:true\:false\:false
NVIC.DMA1_Stream0_IRQn=true\:0\:0\:false\:false\:true\:false\:true
NVIC.DMAMUX1_OVR_IRQn=true\:0\:0\:false\:false\:true\:false\:true
NVIC.DebugMonitor_IRQn=true\:0\:0\:false\:false\:true\:false\:false
NVIC.ForceEnableDMAVector=false
NVIC.HardFault_IRQn=true\:0\:0\:false\:false\:true\:false\:false
NVIC.MemoryManagement_IRQn=true\:0\:0\:false\:false\:true\:false\:false
NVIC.NonMaskableInt_IRQn=true\:0\:0\:false\:false\:true\:false\:false
NVIC.PendSV_IRQn=true\:0\:0\:false\:false\:true\:false\:false
NVIC.PriorityGroup=NVIC_PRIORITYGROUP_4
NVIC.SVCall_IRQn=true\:0\:0\:false\:false\:true\:false\:false
NVIC.SysTick_IRQn=true\:0\:0\:false\:false\:true\:false\:true
NVIC.UsageFault_IRQn=true\:0\:0\:false\:false\:true\:false\:false
PA0.GPIOParameters=GPIO_Label
PA0.GPIO_Label=LCD_CS
PA0.Locked=true
PA0.Signal=GPIO_Output
PA1.Locked=true
PA1.Mode=RGB666
PA1.Signal=LTDC_R2
PA11.GPIOParameters=GPIO_Label
PA11.GPIO_Label=USB_DFU_DM / LTDC_R4
PA11.Mode=RGB666
PA11.Signal=LTDC_R4
PA12.GPIOParameters=GPIO_Label
PA12.GPIO_Label=USB_DFU_DP
PA12.Locked=true
PA12.Signal=GPIO_Input
PA13\ (JTMS/SWDIO).Locked=true
PA13\ (JTMS/SWDIO).Mode=Serial_Wire
PA13\ (JTMS/SWDIO).Signal=DEBUG_JTMS-SWDIO
PA14\ (JTCK/SWCLK).Locked=true
PA14\ (JTCK/SWCLK).Mode=Serial_Wire
PA14\ (JTCK/SWCLK).Signal=DEBUG_JTCK-SWCLK
PA15\ (JTDI).GPIOParameters=GPIO_Label
PA15\ (JTDI).GPIO_Label=SD_SPI1_CS
PA15\ (JTDI).Locked=true
PA15\ (JTDI).Signal=GPIO_Output
PA2.GPIOParameters=PinState,GPIO_PuPd,GPIO_Label
PA2.GPIO_Label=LCD_RESET
PA2.GPIO_PuPd=GPIO_PULLUP
PA2.Locked=true
PA2.PinState=GPIO_PIN_RESET
PA2.Signal=GPIO_Output
PA3.Mode=RGB666
PA3.Signal=LTDC_B5
PA4.Mode=RGB666
PA4.Signal=LTDC_VSYNC
PA5.Signal=COMP_DAC12_group
PA6.Mode=RGB666
PA6.Signal=LTDC_G2
PA7.GPIOParameters=GPIO_Speed,GPIO_Label
PA7.GPIO_Label=SD_SPI1_MOSI
PA7.GPIO_Speed=GPIO_SPEED_FREQ_VERY_HIGH
PA7.Locked=true
PA7.Mode=Full_Duplex_Master
PA7.Signal=SPI1_MOSI
PA8.Locked=true
PA8.Mode=RGB666
PA8.Signal=LTDC_B3
PA9.Mode=RGB666
PA9.Signal=LTDC_R5
PB0.Mode=RGB666
PB0.Signal=LTDC_R3
PB1.Mode=RGB666
PB1.Signal=LTDC_R6
PB10.Mode=RGB666
PB10.Signal=LTDC_G4
PB11.Mode=RGB666
PB11.Signal=LTDC_G5
PB12.Locked=true
PB12.Mode=OTG/Dual-Role-Device-FS
PB12.Signal=USB_OTG_HS_ID
PB13.Locked=true
PB13.Mode=Activate_VBUS_FS
PB13.Signal=USB_OTG_HS_VBUS
PB14.Mode=OTG/Dual-Role-Device-FS
PB14.Signal=USB_OTG_HS_DM
PB15.Mode=OTG/Dual-Role-Device-FS
PB15.Signal=USB_OTG_HS_DP
PB2.Mode=Single Bank 2
PB2.Signal=QUADSPI_CLK
PB3\ (JTDO/TRACESWO).GPIOParameters=GPIO_Speed,GPIO_Label
PB3\ (JTDO/TRACESWO).GPIO_Label=SD_SPI1_SCK
PB3\ (JTDO/TRACESWO).GPIO_Speed=GPIO_SPEED_FREQ_VERY_HIGH
PB3\ (JTDO/TRACESWO).Locked=true
PB3\ (JTDO/TRACESWO).Mode=Full_Duplex_Master
PB3\ (JTDO/TRACESWO).Signal=SPI1_SCK
PB4\ (NJTRST).GPIOParameters=GPIO_Speed,GPIO_Label
PB4\ (NJTRST).GPIO_Label=SD_SPI1_MISO
PB4\ (NJTRST).GPIO_Speed=GPIO_SPEED_FREQ_VERY_HIGH
PB4\ (NJTRST).Locked=true
PB4\ (NJTRST).Mode=Full_Duplex_Master
PB4\ (NJTRST).Signal=SPI1_MISO
PB5.GPIOParameters=GPIO_Label
PB5.GPIO_Label=LED_BLUE
PB5.Locked=true
PB5.Signal=S_TIM3_CH2
PB6.GPIOParameters=GPIO_ModeDefaultPP,GPIO_Speed,GPIO_FM6,GPIO_PuPd,GPIO_Label
PB6.GPIO_FM6=__NULL
PB6.GPIO_Label=VIBE_EN
PB6.GPIO_ModeDefaultPP=GPIO_MODE_AF_PP
PB6.GPIO_PuPd=GPIO_NOPULL
PB6.GPIO_Speed=GPIO_SPEED_FREQ_VERY_HIGH
PB6.Locked=true
PB6.Signal=S_TIM4_CH1
PB8.Mode=RGB666
PB8.Signal=LTDC_B6
PB9.Mode=RGB666
PB9.Signal=LTDC_B7
PC0.GPIOParameters=GPIO_Label
PC0.GPIO_Label=JOYSTICK_Y
PC0.Locked=true
PC0.Signal=ADCx_INP10
PC1.GPIOParameters=GPIO_Label
PC1.GPIO_Label=USER_LEFT1
PC1.Locked=true
PC1.Signal=ADCx_INP11
PC10.GPIOParameters=GPIO_Label
PC10.GPIO_Label=EXTENSION_GPIO
PC10.Locked=true
PC10.Signal=GPIO_Input
PC11.Mode=Single Bank 2
PC11.Signal=QUADSPI_BK2_NCS
PC13.GPIOParameters=PinState,GPIO_PuPd,GPIO_Label
PC13.GPIO_Label=AMP_SHUTDOWN
PC13.GPIO_PuPd=GPIO_PULLUP
PC13.Locked=true
PC13.PinState=GPIO_PIN_RESET
PC13.Signal=GPIO_Output
PC14-OSC32_IN\ (OSC32_IN).GPIOParameters=GPIO_Label
PC14-OSC32_IN\ (OSC32_IN).GPIO_Label=USER_LEFT2
PC14-OSC32_IN\ (OSC32_IN).Locked=true
PC14-OSC32_IN\ (OSC32_IN).Signal=GPIO_Input
PC15-OSC32_OUT\ (OSC32_OUT).GPIOParameters=GPIO_Label
PC15-OSC32_OUT\ (OSC32_OUT).GPIO_Label=USER_RIGHT2
PC15-OSC32_OUT\ (OSC32_OUT).Locked=true
PC15-OSC32_OUT\ (OSC32_OUT).Signal=GPIO_Input
PC2_C.GPIOParameters=GPIO_Label
PC2_C.GPIO_Label=USER_RIGHT1
PC2_C.Locked=true
PC2_C.Mode=IN0-Single-Ended
PC2_C.Signal=ADC3_INP0
PC3_C.GPIOParameters=GPIO_Label
PC3_C.GPIO_Label=BATTERY_SENSE
PC3_C.Locked=true
PC3_C.Mode=IN1-Single-Ended
PC3_C.Signal=ADC3_INP1
PC4.GPIOParameters=GPIO_Label
PC4.GPIO_Label=JOYSTICK_X
PC4.Locked=true
PC4.Signal=ADCx_INP4
PC5.GPIOParameters=GPIO_PuPd,GPIO_Label
PC5.GPIO_Label=JOYSTICK_BUTTON
PC5.GPIO_PuPd=GPIO_PULLUP
PC5.Locked=true
PC5.Signal=GPIO_Input
PC6.Mode=RGB666
PC6.Signal=LTDC_HSYNC
PC7.Mode=RGB666
PC7.Signal=LTDC_G6
PC8.GPIOParameters=GPIO_Speed,GPIO_Label
PC8.GPIO_Label=LED_RED
PC8.GPIO_Speed=GPIO_SPEED_FREQ_VERY_HIGH
PC8.Locked=true
PC8.Signal=S_TIM3_CH3
PC9.GPIOParameters=GPIO_Label
PC9.GPIO_Label=LED_GREEN
PC9.Locked=true
PC9.Signal=S_TIM3_CH4
PCC.Checker=true
PCC.Line=STM32H750 Value line
PCC.MCU=STM32H750VBTx
PCC.PartNumber=STM32H750VBTx
PCC.Seq0=0
PCC.Series=STM32H7
PCC.Temperature=25
PCC.Vdd=3.0
PD0.GPIOParameters=GPIO_PuPd,GPIO_Label
PD0.GPIO_Label=BUTTON_X
PD0.GPIO_PuPd=GPIO_PULLUP
PD0.Locked=true
PD0.Signal=GPIO_Input
PD1.GPIOParameters=GPIO_PuPd,GPIO_Label
PD1.GPIO_Label=BUTTON_Y
PD1.GPIO_PuPd=GPIO_PULLUP
PD1.Locked=true
PD1.Signal=GPIO_Input
PD10.GPIOParameters=GPIO_PuPd,GPIO_Label
PD10.GPIO_Label=DPAD_LEFT
PD10.GPIO_PuPd=GPIO_PULLUP
PD10.Locked=true
PD10.Signal=GPIO_Input
PD11.GPIOParameters=GPIO_Label
PD11.GPIO_Label=SD_DETECT
PD11.Locked=true
PD11.Signal=GPIO_Input
PD12.Mode=I2C
PD12.Signal=I2C4_SCL
PD13.Mode=I2C
PD13.Signal=I2C4_SDA
PD14.GPIOParameters=GPIO_PuPd,GPIO_Label
PD14.GPIO_Label=DPAD_DOWN
PD14.GPIO_PuPd=GPIO_PULLUP
PD14.Locked=true
PD14.Signal=GPIO_Input
PD15.GPIOParameters=GPIO_PuPd,GPIO_Label
PD15.GPIO_Label=DPAD_RIGHT
PD15.GPIO_PuPd=GPIO_PULLUP
PD15.Locked=true
PD15.Signal=GPIO_Input
PD2.GPIOParameters=GPIO_PuPd,GPIO_Label
PD2.GPIO_Label=BUTTON_A
PD2.GPIO_PuPd=GPIO_PULLUP
PD2.Locked=true
PD2.Signal=GPIO_Input
PD3.Mode=RGB666
PD3.Signal=LTDC_G7
PD4.GPIOParameters=GPIO_PuPd,GPIO_Label
PD4.GPIO_Label=BUTTON_B
PD4.GPIO_PuPd=GPIO_PULLUP
PD4.Locked=true
PD4.Signal=GPIO_Input
PD5.GPIOParameters=GPIO_PuPd,GPIO_Label
PD5.GPIO_Label=BUTTON_MENU
PD5.GPIO_PuPd=GPIO_PULLUP
PD5.Locked=true
PD5.Signal=GPIO_Input
PD6.Locked=true
PD6.Mode=RGB666
PD6.Signal=LTDC_B2
PD7.GPIOParameters=GPIO_PuPd,GPIO_Label
PD7.GPIO_Label=BUTTON_HOME
PD7.GPIO_PuPd=GPIO_PULLUP
PD7.Locked=true
PD7.Signal=GPIO_Input
PD8.GPIOParameters=GPIO_Label
PD8.GPIO_Label=USB_SWAP
PD8.Locked=true
PD8.Signal=GPIO_Output
PD9.GPIOParameters=GPIO_PuPd,GPIO_Label
PD9.GPIO_Label=DPAD_UP
PD9.GPIO_PuPd=GPIO_PULLUP
PD9.Locked=true
PD9.Signal=GPIO_Input
PE10.Mode=Single Bank 2
PE10.Signal=QUADSPI_BK2_IO3
PE11.Locked=true
PE11.Mode=RGB666
PE11.Signal=LTDC_G3
PE12.Mode=RGB666
PE12.Signal=LTDC_B4
PE13.Mode=RGB666
PE13.Signal=LTDC_DE
PE14.Locked=true
PE14.Mode=RGB666
PE14.Signal=LTDC_CLK
PE15.Mode=RGB666
PE15.Signal=LTDC_R7
PE2.GPIOParameters=GPIO_Label
PE2.GPIO_Label=LCD_SPI4_SCK
PE2.Locked=true
PE2.Mode=TX_Only_Simplex_Unidirect_Master
PE2.Signal=SPI4_SCK
PE5.GPIOParameters=GPIO_ModeDefaultPP,GPIO_Speed,GPIO_PuPd,GPIO_Label
PE5.GPIO_Label=LCD_BACKLIGHT_EN
PE5.GPIO_ModeDefaultPP=GPIO_MODE_AF_OD
PE5.GPIO_PuPd=GPIO_PULLUP
PE5.GPIO_Speed=GPIO_SPEED_FREQ_VERY_HIGH
PE5.Locked=true
PE5.Signal=S_TIM15_CH1
PE6.GPIOParameters=GPIO_Label
PE6.GPIO_Label=LCD_SPI4_MOSI
PE6.Locked=true
PE6.Mode=TX_Only_Simplex_Unidirect_Master
PE6.Signal=SPI4_MOSI
PE7.Mode=Single Bank 2
PE7.Signal=QUADSPI_BK2_IO0
PE8.Mode=Single Bank 2
PE8.Signal=QUADSPI_BK2_IO1
PE9.Mode=Single Bank 2
PE9.Signal=QUADSPI_BK2_IO2
PH0-OSC_IN\ (PH0).Locked=true
PH0-OSC_IN\ (PH0).Mode=HSE-External-Oscillator
PH0-OSC_IN\ (PH0).Signal=RCC_OSC_IN
PH1-OSC_OUT\ (PH1).Locked=true
PH1-OSC_OUT\ (PH1).Mode=HSE-External-Oscillator
PH1-OSC_OUT\ (PH1).Signal=RCC_OSC_OUT
PinOutPanel.RotationAngle=0
ProjectManager.AskForMigrate=true
ProjectManager.BackupPrevious=false
ProjectManager.CompilerOptimize=6
ProjectManager.ComputerToolchain=false
ProjectManager.CoupleFile=true
ProjectManager.CustomerFirmwarePackage=
ProjectManager.DefaultFWLocation=true
ProjectManager.DeletePrevious=true
ProjectManager.DeviceId=STM32H750VBTx
ProjectManager.FirmwarePackage=STM32Cube FW_H7 V1.5.0
ProjectManager.FreePins=false
ProjectManager.HalAssertFull=false
ProjectManager.HeapSize=0x200
ProjectManager.KeepUserCode=false
ProjectManager.LastFirmware=true
ProjectManager.LibraryCopy=0
ProjectManager.MainLocation=Src
ProjectManager.NoMain=false
ProjectManager.PreviousToolchain=
ProjectManager.ProjectBuild=false
ProjectManager.ProjectFileName=STM32H750VBTx.ioc
ProjectManager.ProjectName=STM32H750VBTx
ProjectManager.StackSize=0x400
ProjectManager.TargetToolchain=Makefile
ProjectManager.ToolChainLocation=
ProjectManager.UnderRoot=false
ProjectManager.functionlistsort=1-MX_GPIO_Init-GPIO-false-HAL-true,2-MX_DMA_Init-DMA-false-HAL-true,3-SystemClock_Config-RCC-false-HAL-false,4-MX_TIM4_Init-TIM4-false-HAL-true,5-MX_TIM3_Init-TIM3-false-HAL-true,6-MX_DAC1_Init-DAC1-false-HAL-true,7-MX_HRTIM_Init-HRTIM-false-HAL-true,8-MX_I2C4_Init-I2C4-false-HAL-true,9-MX_LTDC_Init-LTDC-false-HAL-true,10-MX_QUADSPI_Init-QUADSPI-false-HAL-true,11-MX_ADC1_Init-ADC1-false-HAL-true,12-MX_ADC3_Init-ADC3-false-HAL-true,13-MX_USB_OTG_HS_USB_Init-USB_OTG_HS-false-HAL-true,14-MX_SPI1_Init-SPI1-false-HAL-true,15-MX_SPI4_Init-SPI4-false-HAL-true,16-MX_TIM6_Init-TIM6-false-HAL-true,17-MX_TIM15_Init-TIM15-false-HAL-true,18-MX_FATFS_Init-FATFS-false-HAL-false,19-MX_DMA2D_Init-DMA2D-false-HAL-true,20-MX_HASH_Init-HASH-false-HAL-true,21-MX_RNG_Init-RNG-false-HAL-true
QUADSPI.ClockMode=QSPI_CLOCK_MODE_3
QUADSPI.ClockPrescaler=128
QUADSPI.IPParameters=ClockPrescaler,ClockMode
RCC.ADCFreq_Value=152000000
RCC.AHB12Freq_Value=240000000
RCC.AHB4Freq_Value=240000000
RCC.APB1Freq_Value=120000000
RCC.APB2Freq_Value=120000000
RCC.APB3Freq_Value=120000000
RCC.APB4Freq_Value=120000000
RCC.AXIClockFreq_Value=240000000
RCC.CECFreq_Value=32000
RCC.CKPERFreq_Value=64000000
RCC.CortexFreq_Value=480000000
RCC.CpuClockFreq_Value=480000000
RCC.D1CPREFreq_Value=480000000
RCC.D1PPRE=RCC_APB3_DIV2
RCC.D2PPRE1=RCC_APB1_DIV2
RCC.D2PPRE2=RCC_APB2_DIV2
RCC.D3PPRE=RCC_APB4_DIV2
RCC.DFSDMACLkFreq_Value=480000000
RCC.DFSDMFreq_Value=120000000
RCC.DIVM1=4
RCC.DIVM2=4
RCC.DIVN1=60
RCC.DIVN2=9
RCC.DIVP1Freq_Value=480000000
RCC.DIVP2=1
RCC.DIVP2Freq_Value=152000000
RCC.DIVP3Freq_Value=129000000
RCC.DIVQ1Freq_Value=480000000
RCC.DIVQ2Freq_Value=76000000
RCC.DIVQ3Freq_Value=129000000
RCC.DIVR1Freq_Value=480000000
RCC.DIVR2Freq_Value=76000000
RCC.DIVR3=28
RCC.DIVR3Freq_Value=9214285.714285715
RCC.FDCANFreq_Value=480000000
RCC.FMCFreq_Value=240000000
RCC.FamilyName=M
RCC.HCLK3ClockFreq_Value=240000000
RCC.HCLKFreq_Value=240000000
RCC.HPRE=RCC_HCLK_DIV2
RCC.HRTIMCLockSelection=RCC_HRTIM1CLK_CPUCLK
RCC.HRTIMFreq_Value=480000000
RCC.HSE_VALUE=20000000
RCC.I2C123Freq_Value=120000000
RCC.I2C4Freq_Value=120000000
RCC.IPParameters=ADCFreq_Value,AHB12Freq_Value,AHB4Freq_Value,APB1Freq_Value,APB2Freq_Value,APB3Freq_Value,APB4Freq_Value,AXIClockFreq_Value,CECFreq_Value,CKPERFreq_Value,CortexFreq_Value,CpuClockFreq_Value,D1CPREFreq_Value,D1PPRE,D2PPRE1,D2PPRE2,D3PPRE,DFSDMACLkFreq_Value,DFSDMFreq_Value,DIVM1,DIVM2,DIVN1,DIVN2,DIVP1Freq_Value,DIVP2,DIVP2Freq_Value,DIVP3Freq_Value,DIVQ1Freq_Value,DIVQ2Freq_Value,DIVQ3Freq_Value,DIVR1Freq_Value,DIVR2Freq_Value,DIVR3,DIVR3Freq_Value,FDCANFreq_Value,FMCFreq_Value,FamilyName,HCLK3ClockFreq_Value,HCLKFreq_Value,HPRE,HRTIMCLockSelection,HRTIMFreq_Value,HSE_VALUE,I2C123Freq_Value,I2C4Freq_Value,LPTIM1Freq_Value,LPTIM2Freq_Value,LPTIM345Freq_Value,LPUART1Freq_Value,LTDCFreq_Value,MCO1PinFreq_Value,MCO2PinFreq_Value,PLL2FRACN,PLL3FRACN,PLLFRACN,QSPIFreq_Value,RNGFreq_Value,RTCFreq_Value,SAI1Freq_Value,SAI23Freq_Value,SAI4AFreq_Value,SAI4BFreq_Value,SDMMCFreq_Value,SPDIFRXFreq_Value,SPI123Freq_Value,SPI45Freq_Value,SPI6Freq_Value,SWPMI1Freq_Value,SYSCLKFreq_VALUE,SYSCLKSource,Spi45ClockSelection,SupplySource,Tim1OutputFreq_Value,Tim2OutputFreq_Value,TraceFreq_Value,USART16Freq_Value,USART234578Freq_Value,USBCLockSelection,USBFreq_Value,VCO1OutputFreq_Value,VCO2OutputFreq_Value,VCO3OutputFreq_Value,VCOInput1Freq_Value,VCOInput2Freq_Value,VCOInput3Freq_Value
RCC.LPTIM1Freq_Value=120000000
RCC.LPTIM2Freq_Value=120000000
RCC.LPTIM345Freq_Value=120000000
RCC.LPUART1Freq_Value=120000000
RCC.LTDCFreq_Value=9214285.714285715
RCC.MCO1PinFreq_Value=64000000
RCC.MCO2PinFreq_Value=480000000
RCC.PLL2FRACN=4096
RCC.PLL3FRACN=0
RCC.PLLFRACN=0
RCC.QSPIFreq_Value=240000000
RCC.RNGFreq_Value=48000000
RCC.RTCFreq_Value=32000
RCC.SAI1Freq_Value=480000000
RCC.SAI23Freq_Value=480000000
RCC.SAI4AFreq_Value=480000000
RCC.SAI4BFreq_Value=480000000
RCC.SDMMCFreq_Value=480000000
RCC.SPDIFRXFreq_Value=480000000
RCC.SPI123Freq_Value=480000000
RCC.SPI45Freq_Value=64000000
RCC.SPI6Freq_Value=120000000
RCC.SWPMI1Freq_Value=120000000
RCC.SYSCLKFreq_VALUE=480000000
RCC.SYSCLKSource=RCC_SYSCLKSOURCE_PLLCLK
RCC.Spi45ClockSelection=RCC_SPI45CLKSOURCE_HSI
RCC.SupplySource=PWR_LDO_SUPPLY
RCC.Tim1OutputFreq_Value=240000000
RCC.Tim2OutputFreq_Value=240000000
RCC.TraceFreq_Value=480000000
RCC.USART16Freq_Value=120000000
RCC.USART234578Freq_Value=120000000
RCC.USBCLockSelection=RCC_USBCLKSOURCE_HSI48
RCC.USBFreq_Value=48000000
RCC.VCO1OutputFreq_Value=960000000
RCC.VCO2OutputFreq_Value=152000000
RCC.VCO3OutputFreq_Value=258000000
RCC.VCOInput1Freq_Value=16000000
RCC.VCOInput2Freq_Value=16000000
RCC.VCOInput3Freq_Value=2000000
SH.ADCx_INP10.0=ADC1_INP10,IN10-Single-Ended
SH.ADCx_INP10.ConfNb=1
SH.ADCx_INP11.0=ADC3_INP11,IN11-Single-Ended
SH.ADCx_INP11.ConfNb=1
SH.ADCx_INP4.0=ADC1_INP4,IN4-Single-Ended
SH.ADCx_INP4.ConfNb=1
SH.COMP_DAC12_group.0=DAC1_OUT2,DAC_OUT2
SH.COMP_DAC12_group.ConfNb=1
SH.S_TIM15_CH1.0=TIM15_CH1,PWM Generation1 CH1
SH.S_TIM15_CH1.ConfNb=1
SH.S_TIM3_CH2.0=TIM3_CH2,PWM Generation2 CH2
SH.S_TIM3_CH2.ConfNb=1
SH.S_TIM3_CH3.0=TIM3_CH3,PWM Generation3 CH3
SH.S_TIM3_CH3.ConfNb=1
SH.S_TIM3_CH4.0=TIM3_CH4,PWM Generation4 CH4
SH.S_TIM3_CH4.ConfNb=1
SH.S_TIM4_CH1.0=TIM4_CH1,PWM Generation1 CH1
SH.S_TIM4_CH1.ConfNb=1
SPI1.BaudRatePrescaler=SPI_BAUDRATEPRESCALER_4
SPI1.CalculateBaudRate=120.0 MBits/s
SPI1.DataSize=SPI_DATASIZE_8BIT
SPI1.Direction=SPI_DIRECTION_2LINES
SPI1.IPParameters=VirtualType,Mode,Direction,BaudRatePrescaler,CalculateBaudRate,DataSize,NSSPMode
SPI1.Mode=SPI_MODE_MASTER
SPI1.NSSPMode=SPI_NSS_PULSE_DISABLE
SPI1.VirtualType=VM_MASTER
SPI4.BaudRatePrescaler=SPI_BAUDRATEPRESCALER_256
SPI4.CLKPolarity=SPI_POLARITY_LOW
SPI4.CalculateBaudRate=250.0 KBits/s
SPI4.DataSize=SPI_DATASIZE_8BIT
SPI4.Direction=SPI_DIRECTION_2LINES_TXONLY
SPI4.FifoThreshold=SPI_FIFO_THRESHOLD_02DATA
SPI4.IPParameters=VirtualType,Mode,Direction,CalculateBaudRate,BaudRatePrescaler,DataSize,NSSPMode,FifoThreshold,CLKPolarity
SPI4.Mode=SPI_MODE_MASTER
SPI4.NSSPMode=SPI_NSS_PULSE_DISABLE
SPI4.VirtualType=VM_MASTER
TIM15.Channel-PWM\ Generation1\ CH1=TIM_CHANNEL_1
TIM15.IPParameters=Channel-PWM Generation1 CH1,OC1Preload_PWM,OCFastMode_PWM-PWM Generation1 CH1,OCMode_PWM-PWM Generation1 CH1,OCPolarity_1,Prescaler,Period
TIM15.OC1Preload_PWM=DISABLE
TIM15.OCFastMode_PWM-PWM\ Generation1\ CH1=TIM_OCFAST_DISABLE
TIM15.OCMode_PWM-PWM\ Generation1\ CH1=TIM_OCMODE_PWM1
TIM15.OCPolarity_1=TIM_OCPOLARITY_LOW
TIM15.Period=1024
TIM15.Prescaler=1023
TIM3.Channel-PWM\ Generation2\ CH2=TIM_CHANNEL_2
TIM3.Channel-PWM\ Generation3\ CH3=TIM_CHANNEL_3
TIM3.Channel-PWM\ Generation4\ CH4=TIM_CHANNEL_4
TIM3.IPParameters=Channel-PWM Generation3 CH3,OCPolarity_3,Channel-PWM Generation4 CH4,Channel-PWM Generation2 CH2,OCPolarity_2,OCPolarity_4,Prescaler,Period
TIM3.OCPolarity_2=TIM_OCPOLARITY_LOW
TIM3.OCPolarity_3=TIM_OCPOLARITY_LOW
TIM3.OCPolarity_4=TIM_OCPOLARITY_LOW
TIM3.Period=10000
TIM3.Prescaler=100
TIM4.AutoReloadPreload=TIM_AUTORELOAD_PRELOAD_DISABLE
TIM4.Channel-PWM\ Generation1\ CH1=TIM_CHANNEL_1
TIM4.IPParameters=Channel-PWM Generation1 CH1,AutoReloadPreload,Prescaler,Period
TIM4.Period=10000
TIM4.Prescaler=117
TIM6.IPParameters=Prescaler,Period,TIM_MasterOutputTrigger
TIM6.Period=15000
TIM6.Prescaler=0
TIM6.TIM_MasterOutputTrigger=TIM_TRGO_UPDATE
VP_DMA2D_VS_DMA2D.Mode=DMA2D_Activate
VP_DMA2D_VS_DMA2D.Signal=DMA2D_VS_DMA2D
VP_FATFS_VS_Generic.Mode=User_defined
VP_FATFS_VS_Generic.Signal=FATFS_VS_Generic
VP_HASH_VS_HASH.Mode=HASH_Activate
VP_HASH_VS_HASH.Signal=HASH_VS_HASH
VP_HRTIM_VS_hrtimMasterTimerNoOutput.Mode=MasterTimer
VP_HRTIM_VS_hrtimMasterTimerNoOutput.Signal=HRTIM_VS_hrtimMasterTimerNoOutput
VP_RCC_USB.Mode=USB_HS
VP_RCC_USB.Signal=RCC_USB
VP_RNG_VS_RNG.Mode=RNG_Activate
VP_RNG_VS_RNG.Signal=RNG_VS_RNG
VP_SYS_VS_Systick.Mode=SysTick
VP_SYS_VS_Systick.Signal=SYS_VS_Systick
VP_TIM15_VS_ClockSourceINT.Mode=Internal
VP_TIM15_VS_ClockSourceINT.Signal=TIM15_VS_ClockSourceINT
VP_TIM3_VS_ClockSourceINT.Mode=Internal
VP_TIM3_VS_ClockSourceINT.Signal=TIM3_VS_ClockSourceINT
VP_TIM4_VS_ClockSourceINT.Mode=Internal
VP_TIM4_VS_ClockSourceINT.Signal=TIM4_VS_ClockSourceINT
VP_TIM6_VS_ClockSourceINT.Mode=Enable_Timer
VP_TIM6_VS_ClockSourceINT.Signal=TIM6_VS_ClockSourceINT
board=custom
