
Microsoft Visual Studio Solution File, Format Version 12.00
# Visual Studio Version 16
VisualStudioVersion = 16.0.29613.14
MinimumVisualStudioVersion = 10.0.40219.1
Project("{8BC9CEB8-8B4A-11D0-8D11-00A0C91BC942}") = "32blit", "32blit\32blit.vcxproj", "{280015A3-83D7-416F-A181-7CF88BCCE12F}"
EndProject
Project("{8BC9CEB8-8B4A-11D0-8D11-00A0C91BC942}") = "32blit-sdl", "32blit-sdl\32blit-sdl.vcxproj", "{85DB89B5-DEA0-4429-B41E-0CAA7DB907BA}"
	ProjectSection(ProjectDependencies) = postProject
		{280015A3-83D7-416F-A181-7CF88BCCE12F} = {280015A3-83D7-416F-A181-7CF88BCCE12F}
	EndProjectSection
EndProject
Project("{2150E333-8FDC-42A3-9474-1A3956D46DE8}") = "examples", "examples", "{E9DBB2E8-C9C5-4F46-9E6D-84D796FF4ABB}"
EndProject
Project("{8BC9CEB8-8B4A-11D0-8D11-00A0C91BC942}") = "logo", "examples\logo\logo.vcxproj", "{3C0D173C-82A1-43AB-8E9C-DE3F0067AD59}"
	ProjectSection(ProjectDependencies) = postProject
		{280015A3-83D7-416F-A181-7CF88BCCE12F} = {280015A3-83D7-416F-A181-7CF88BCCE12F}
		{85DB89B5-DEA0-4429-B41E-0CAA7DB907BA} = {85DB89B5-DEA0-4429-B41E-0CAA7DB907BA}
	EndProjectSection
EndProject
Project("{8BC9CEB8-8B4A-11D0-8D11-00A0C91BC942}") = "doom-fire", "examples\doom-fire\doom-fire.vcxproj", "{84B611CC-F139-4EC6-8ABB-7BD176E152A8}"
	ProjectSection(ProjectDependencies) = postProject
		{280015A3-83D7-416F-A181-7CF88BCCE12F} = {280015A3-83D7-416F-A181-7CF88BCCE12F}
		{85DB89B5-DEA0-4429-B41E-0CAA7DB907BA} = {85DB89B5-DEA0-4429-B41E-0CAA7DB907BA}
	EndProjectSection
EndProject
Project("{8BC9CEB8-8B4A-11D0-8D11-00A0C91BC942}") = "fizzlefade", "examples\fizzlefade\fizzlefade.vcxproj", "{5E4753A9-63CA-449D-A28D-E0B9F77BE1E2}"
	ProjectSection(ProjectDependencies) = postProject
		{280015A3-83D7-416F-A181-7CF88BCCE12F} = {280015A3-83D7-416F-A181-7CF88BCCE12F}
		{85DB89B5-DEA0-4429-B41E-0CAA7DB907BA} = {85DB89B5-DEA0-4429-B41E-0CAA7DB907BA}
	EndProjectSection
EndProject
Project("{8BC9CEB8-8B4A-11D0-8D11-00A0C91BC942}") = "flight", "examples\flight\flight.vcxproj", "{59D4112B-F51B-4FCE-ADD0-A6DA933FE708}"
	ProjectSection(ProjectDependencies) = postProject
		{280015A3-83D7-416F-A181-7CF88BCCE12F} = {280015A3-83D7-416F-A181-7CF88BCCE12F}
		{85DB89B5-DEA0-4429-B41E-0CAA7DB907BA} = {85DB89B5-DEA0-4429-B41E-0CAA7DB907BA}
	EndProjectSection
EndProject
Project("{8BC9CEB8-8B4A-11D0-8D11-00A0C91BC942}") = "geometry", "examples\geometry\geometry.vcxproj", "{E97885DB-2D89-40CC-B608-8E9071FB3930}"
	ProjectSection(ProjectDependencies) = postProject
		{280015A3-83D7-416F-A181-7CF88BCCE12F} = {280015A3-83D7-416F-A181-7CF88BCCE12F}
		{85DB89B5-DEA0-4429-B41E-0CAA7DB907BA} = {85DB89B5-DEA0-4429-B41E-0CAA7DB907BA}
	EndProjectSection
EndProject
Project("{8BC9CEB8-8B4A-11D0-8D11-00A0C91BC942}") = "hardware-test", "examples\hardware-test\hardware-test.vcxproj", "{388C602D-8120-40F4-B6FD-69A3559374B6}"
	ProjectSection(ProjectDependencies) = postProject
		{280015A3-83D7-416F-A181-7CF88BCCE12F} = {280015A3-83D7-416F-A181-7CF88BCCE12F}
		{85DB89B5-DEA0-4429-B41E-0CAA7DB907BA} = {85DB89B5-DEA0-4429-B41E-0CAA7DB907BA}
	EndProjectSection
EndProject
Project("{8BC9CEB8-8B4A-11D0-8D11-00A0C91BC942}") = "matrix-test", "examples\matrix-test\matrix-test.vcxproj", "{AEB7FC97-00B4-4264-A8E0-F265ACFD4A1F}"
	ProjectSection(ProjectDependencies) = postProject
		{280015A3-83D7-416F-A181-7CF88BCCE12F} = {280015A3-83D7-416F-A181-7CF88BCCE12F}
		{85DB89B5-DEA0-4429-B41E-0CAA7DB907BA} = {85DB89B5-DEA0-4429-B41E-0CAA7DB907BA}
	EndProjectSection
EndProject
Project("{8BC9CEB8-8B4A-11D0-8D11-00A0C91BC942}") = "palette-cycle", "examples\palette-cycle\palette-cycle.vcxproj", "{20969476-9E64-4E4F-981C-590900DB1EEA}"
	ProjectSection(ProjectDependencies) = postProject
		{280015A3-83D7-416F-A181-7CF88BCCE12F} = {280015A3-83D7-416F-A181-7CF88BCCE12F}
		{85DB89B5-DEA0-4429-B41E-0CAA7DB907BA} = {85DB89B5-DEA0-4429-B41E-0CAA7DB907BA}
	EndProjectSection
EndProject
Project("{8BC9CEB8-8B4A-11D0-8D11-00A0C91BC942}") = "palette-swap", "examples\palette-swap\palette-swap.vcxproj", "{189239CA-029E-4124-826B-F30AE3A87D68}"
	ProjectSection(ProjectDependencies) = postProject
		{280015A3-83D7-416F-A181-7CF88BCCE12F} = {280015A3-83D7-416F-A181-7CF88BCCE12F}
		{85DB89B5-DEA0-4429-B41E-0CAA7DB907BA} = {85DB89B5-DEA0-4429-B41E-0CAA7DB907BA}
	EndProjectSection
EndProject
Project("{8BC9CEB8-8B4A-11D0-8D11-00A0C91BC942}") = "particle", "examples\particle\particle.vcxproj", "{DDF1DCE3-3171-4DF4-872D-C729E9857D19}"
	ProjectSection(ProjectDependencies) = postProject
		{280015A3-83D7-416F-A181-7CF88BCCE12F} = {280015A3-83D7-416F-A181-7CF88BCCE12F}
		{85DB89B5-DEA0-4429-B41E-0CAA7DB907BA} = {85DB89B5-DEA0-4429-B41E-0CAA7DB907BA}
	EndProjectSection
EndProject
Project("{8BC9CEB8-8B4A-11D0-8D11-00A0C91BC942}") = "platformer", "examples\platformer\platformer.vcxproj", "{B6288555-A145-4E3A-9A6E-13D523272331}"
	ProjectSection(ProjectDependencies) = postProject
		{280015A3-83D7-416F-A181-7CF88BCCE12F} = {280015A3-83D7-416F-A181-7CF88BCCE12F}
		{85DB89B5-DEA0-4429-B41E-0CAA7DB907BA} = {85DB89B5-DEA0-4429-B41E-0CAA7DB907BA}
	EndProjectSection
EndProject
Project("{8BC9CEB8-8B4A-11D0-8D11-00A0C91BC942}") = "raycaster", "examples\raycaster\raycaster.vcxproj", "{2A267ABC-21E2-4166-93FA-19AEB38B5C87}"
	ProjectSection(ProjectDependencies) = postProject
		{280015A3-83D7-416F-A181-7CF88BCCE12F} = {280015A3-83D7-416F-A181-7CF88BCCE12F}
		{85DB89B5-DEA0-4429-B41E-0CAA7DB907BA} = {85DB89B5-DEA0-4429-B41E-0CAA7DB907BA}
	EndProjectSection
EndProject
Project("{8BC9CEB8-8B4A-11D0-8D11-00A0C91BC942}") = "rotozoom", "examples\rotozoom\rotozoom.vcxproj", "{B5B41CDA-BE4B-43C8-9E9D-D7A261FA5396}"
	ProjectSection(ProjectDependencies) = postProject
		{280015A3-83D7-416F-A181-7CF88BCCE12F} = {280015A3-83D7-416F-A181-7CF88BCCE12F}
		{85DB89B5-DEA0-4429-B41E-0CAA7DB907BA} = {85DB89B5-DEA0-4429-B41E-0CAA7DB907BA}
	EndProjectSection
EndProject
Project("{8BC9CEB8-8B4A-11D0-8D11-00A0C91BC942}") = "scrolly-tile", "examples\scrolly-tile\scrolly-tile.vcxproj", "{F9E896C3-C52E-47B9-96A8-58B819D69373}"
	ProjectSection(ProjectDependencies) = postProject
		{280015A3-83D7-416F-A181-7CF88BCCE12F} = {280015A3-83D7-416F-A181-7CF88BCCE12F}
		{85DB89B5-DEA0-4429-B41E-0CAA7DB907BA} = {85DB89B5-DEA0-4429-B41E-0CAA7DB907BA}
	EndProjectSection
EndProject
Project("{8BC9CEB8-8B4A-11D0-8D11-00A0C91BC942}") = "shmup", "examples\shmup\shmup.vcxproj", "{F5428427-2228-408B-81FD-F75CFDD4F2B4}"
	ProjectSection(ProjectDependencies) = postProject
		{280015A3-83D7-416F-A181-7CF88BCCE12F} = {280015A3-83D7-416F-A181-7CF88BCCE12F}
		{85DB89B5-DEA0-4429-B41E-0CAA7DB907BA} = {85DB89B5-DEA0-4429-B41E-0CAA7DB907BA}
	EndProjectSection
EndProject
Project("{8BC9CEB8-8B4A-11D0-8D11-00A0C91BC942}") = "sprite-test", "examples\sprite-test\sprite-test.vcxproj", "{FE6094EE-5371-4D9B-A90A-0C5D12632EBF}"
	ProjectSection(ProjectDependencies) = postProject
		{280015A3-83D7-416F-A181-7CF88BCCE12F} = {280015A3-83D7-416F-A181-7CF88BCCE12F}
		{85DB89B5-DEA0-4429-B41E-0CAA7DB907BA} = {85DB89B5-DEA0-4429-B41E-0CAA7DB907BA}
	EndProjectSection
EndProject
Project("{8BC9CEB8-8B4A-11D0-8D11-00A0C91BC942}") = "tilemap_test", "examples\tilemap_test\tilemap_test.vcxproj", "{46BF246B-4151-4048-B4CC-285D1A343CE2}"
	ProjectSection(ProjectDependencies) = postProject
		{280015A3-83D7-416F-A181-7CF88BCCE12F} = {280015A3-83D7-416F-A181-7CF88BCCE12F}
		{85DB89B5-DEA0-4429-B41E-0CAA7DB907BA} = {85DB89B5-DEA0-4429-B41E-0CAA7DB907BA}
	EndProjectSection
EndProject
Project("{8BC9CEB8-8B4A-11D0-8D11-00A0C91BC942}") = "tilt", "examples\tilt\tilt.vcxproj", "{1536271F-BCB7-4A9A-BFDB-78FABE8D82B7}"
	ProjectSection(ProjectDependencies) = postProject
		{280015A3-83D7-416F-A181-7CF88BCCE12F} = {280015A3-83D7-416F-A181-7CF88BCCE12F}
		{85DB89B5-DEA0-4429-B41E-0CAA7DB907BA} = {85DB89B5-DEA0-4429-B41E-0CAA7DB907BA}
	EndProjectSection
EndProject
Project("{8BC9CEB8-8B4A-11D0-8D11-00A0C91BC942}") = "timer-test", "examples\timer-test\timer-test.vcxproj", "{DACA3506-77BD-4532-A8A0-6D5D5E1A5558}"
	ProjectSection(ProjectDependencies) = postProject
		{280015A3-83D7-416F-A181-7CF88BCCE12F} = {280015A3-83D7-416F-A181-7CF88BCCE12F}
		{85DB89B5-DEA0-4429-B41E-0CAA7DB907BA} = {85DB89B5-DEA0-4429-B41E-0CAA7DB907BA}
	EndProjectSection
EndProject
Project("{8BC9CEB8-8B4A-11D0-8D11-00A0C91BC942}") = "tunnel", "examples\tunnel\tunnel.vcxproj", "{12F21AB0-F00E-426D-A3D1-E47DE8CDBAE8}"
	ProjectSection(ProjectDependencies) = postProject
		{280015A3-83D7-416F-A181-7CF88BCCE12F} = {280015A3-83D7-416F-A181-7CF88BCCE12F}
		{85DB89B5-DEA0-4429-B41E-0CAA7DB907BA} = {85DB89B5-DEA0-4429-B41E-0CAA7DB907BA}
	EndProjectSection
EndProject
Project("{8BC9CEB8-8B4A-11D0-8D11-00A0C91BC942}") = "tween-test", "examples\tween-test\tween-test.vcxproj", "{F0BA1CD4-B8E5-437D-B0D4-1DAF4A652AB3}"
	ProjectSection(ProjectDependencies) = postProject
		{280015A3-83D7-416F-A181-7CF88BCCE12F} = {280015A3-83D7-416F-A181-7CF88BCCE12F}
		{85DB89B5-DEA0-4429-B41E-0CAA7DB907BA} = {85DB89B5-DEA0-4429-B41E-0CAA7DB907BA}
	EndProjectSection
EndProject
Global
	GlobalSection(SolutionConfigurationPlatforms) = preSolution
		Debug|x64 = Debug|x64
		Debug|x86 = Debug|x86
		Release|x64 = Release|x64
		Release|x86 = Release|x86
	EndGlobalSection
	GlobalSection(ProjectConfigurationPlatforms) = postSolution
		{280015A3-83D7-416F-A181-7CF88BCCE12F}.Debug|x64.ActiveCfg = Debug|x64
		{280015A3-83D7-416F-A181-7CF88BCCE12F}.Debug|x64.Build.0 = Debug|x64
		{280015A3-83D7-416F-A181-7CF88BCCE12F}.Debug|x86.ActiveCfg = Debug|Win32
		{280015A3-83D7-416F-A181-7CF88BCCE12F}.Debug|x86.Build.0 = Debug|Win32
		{280015A3-83D7-416F-A181-7CF88BCCE12F}.Release|x64.ActiveCfg = Release|x64
		{280015A3-83D7-416F-A181-7CF88BCCE12F}.Release|x64.Build.0 = Release|x64
		{280015A3-83D7-416F-A181-7CF88BCCE12F}.Release|x86.ActiveCfg = Release|Win32
		{280015A3-83D7-416F-A181-7CF88BCCE12F}.Release|x86.Build.0 = Release|Win32
		{85DB89B5-DEA0-4429-B41E-0CAA7DB907BA}.Debug|x64.ActiveCfg = Debug|x64
		{85DB89B5-DEA0-4429-B41E-0CAA7DB907BA}.Debug|x64.Build.0 = Debug|x64
		{85DB89B5-DEA0-4429-B41E-0CAA7DB907BA}.Debug|x86.ActiveCfg = Debug|Win32
		{85DB89B5-DEA0-4429-B41E-0CAA7DB907BA}.Debug|x86.Build.0 = Debug|Win32
		{85DB89B5-DEA0-4429-B41E-0CAA7DB907BA}.Release|x64.ActiveCfg = Release|x64
		{85DB89B5-DEA0-4429-B41E-0CAA7DB907BA}.Release|x64.Build.0 = Release|x64
		{85DB89B5-DEA0-4429-B41E-0CAA7DB907BA}.Release|x86.ActiveCfg = Release|Win32
		{85DB89B5-DEA0-4429-B41E-0CAA7DB907BA}.Release|x86.Build.0 = Release|Win32
		{3C0D173C-82A1-43AB-8E9C-DE3F0067AD59}.Debug|x64.ActiveCfg = Debug|x64
		{3C0D173C-82A1-43AB-8E9C-DE3F0067AD59}.Debug|x64.Build.0 = Debug|x64
		{3C0D173C-82A1-43AB-8E9C-DE3F0067AD59}.Debug|x86.ActiveCfg = Debug|Win32
		{3C0D173C-82A1-43AB-8E9C-DE3F0067AD59}.Debug|x86.Build.0 = Debug|Win32
		{3C0D173C-82A1-43AB-8E9C-DE3F0067AD59}.Release|x64.ActiveCfg = Release|x64
		{3C0D173C-82A1-43AB-8E9C-DE3F0067AD59}.Release|x64.Build.0 = Release|x64
		{3C0D173C-82A1-43AB-8E9C-DE3F0067AD59}.Release|x86.ActiveCfg = Release|Win32
		{3C0D173C-82A1-43AB-8E9C-DE3F0067AD59}.Release|x86.Build.0 = Release|Win32
		{84B611CC-F139-4EC6-8ABB-7BD176E152A8}.Debug|x64.ActiveCfg = Debug|x64
		{84B611CC-F139-4EC6-8ABB-7BD176E152A8}.Debug|x64.Build.0 = Debug|x64
		{84B611CC-F139-4EC6-8ABB-7BD176E152A8}.Debug|x86.ActiveCfg = Debug|Win32
		{84B611CC-F139-4EC6-8ABB-7BD176E152A8}.Debug|x86.Build.0 = Debug|Win32
		{84B611CC-F139-4EC6-8ABB-7BD176E152A8}.Release|x64.ActiveCfg = Release|x64
		{84B611CC-F139-4EC6-8ABB-7BD176E152A8}.Release|x64.Build.0 = Release|x64
		{84B611CC-F139-4EC6-8ABB-7BD176E152A8}.Release|x86.ActiveCfg = Release|Win32
		{84B611CC-F139-4EC6-8ABB-7BD176E152A8}.Release|x86.Build.0 = Release|Win32
		{5E4753A9-63CA-449D-A28D-E0B9F77BE1E2}.Debug|x64.ActiveCfg = Debug|x64
		{5E4753A9-63CA-449D-A28D-E0B9F77BE1E2}.Debug|x64.Build.0 = Debug|x64
		{5E4753A9-63CA-449D-A28D-E0B9F77BE1E2}.Debug|x86.ActiveCfg = Debug|Win32
		{5E4753A9-63CA-449D-A28D-E0B9F77BE1E2}.Debug|x86.Build.0 = Debug|Win32
		{5E4753A9-63CA-449D-A28D-E0B9F77BE1E2}.Release|x64.ActiveCfg = Release|x64
		{5E4753A9-63CA-449D-A28D-E0B9F77BE1E2}.Release|x64.Build.0 = Release|x64
		{5E4753A9-63CA-449D-A28D-E0B9F77BE1E2}.Release|x86.ActiveCfg = Release|Win32
		{5E4753A9-63CA-449D-A28D-E0B9F77BE1E2}.Release|x86.Build.0 = Release|Win32
		{59D4112B-F51B-4FCE-ADD0-A6DA933FE708}.Debug|x64.ActiveCfg = Debug|x64
		{59D4112B-F51B-4FCE-ADD0-A6DA933FE708}.Debug|x64.Build.0 = Debug|x64
		{59D4112B-F51B-4FCE-ADD0-A6DA933FE708}.Debug|x86.ActiveCfg = Debug|Win32
		{59D4112B-F51B-4FCE-ADD0-A6DA933FE708}.Debug|x86.Build.0 = Debug|Win32
		{59D4112B-F51B-4FCE-ADD0-A6DA933FE708}.Release|x64.ActiveCfg = Release|x64
		{59D4112B-F51B-4FCE-ADD0-A6DA933FE708}.Release|x64.Build.0 = Release|x64
		{59D4112B-F51B-4FCE-ADD0-A6DA933FE708}.Release|x86.ActiveCfg = Release|Win32
		{59D4112B-F51B-4FCE-ADD0-A6DA933FE708}.Release|x86.Build.0 = Release|Win32
		{E97885DB-2D89-40CC-B608-8E9071FB3930}.Debug|x64.ActiveCfg = Debug|x64
		{E97885DB-2D89-40CC-B608-8E9071FB3930}.Debug|x64.Build.0 = Debug|x64
		{E97885DB-2D89-40CC-B608-8E9071FB3930}.Debug|x86.ActiveCfg = Debug|Win32
		{E97885DB-2D89-40CC-B608-8E9071FB3930}.Debug|x86.Build.0 = Debug|Win32
		{E97885DB-2D89-40CC-B608-8E9071FB3930}.Release|x64.ActiveCfg = Release|x64
		{E97885DB-2D89-40CC-B608-8E9071FB3930}.Release|x64.Build.0 = Release|x64
		{E97885DB-2D89-40CC-B608-8E9071FB3930}.Release|x86.ActiveCfg = Release|Win32
		{E97885DB-2D89-40CC-B608-8E9071FB3930}.Release|x86.Build.0 = Release|Win32
		{388C602D-8120-40F4-B6FD-69A3559374B6}.Debug|x64.ActiveCfg = Debug|x64
		{388C602D-8120-40F4-B6FD-69A3559374B6}.Debug|x64.Build.0 = Debug|x64
		{388C602D-8120-40F4-B6FD-69A3559374B6}.Debug|x86.ActiveCfg = Debug|Win32
		{388C602D-8120-40F4-B6FD-69A3559374B6}.Debug|x86.Build.0 = Debug|Win32
		{388C602D-8120-40F4-B6FD-69A3559374B6}.Release|x64.ActiveCfg = Release|x64
		{388C602D-8120-40F4-B6FD-69A3559374B6}.Release|x64.Build.0 = Release|x64
		{388C602D-8120-40F4-B6FD-69A3559374B6}.Release|x86.ActiveCfg = Release|Win32
		{388C602D-8120-40F4-B6FD-69A3559374B6}.Release|x86.Build.0 = Release|Win32
		{AEB7FC97-00B4-4264-A8E0-F265ACFD4A1F}.Debug|x64.ActiveCfg = Debug|x64
		{AEB7FC97-00B4-4264-A8E0-F265ACFD4A1F}.Debug|x64.Build.0 = Debug|x64
		{AEB7FC97-00B4-4264-A8E0-F265ACFD4A1F}.Debug|x86.ActiveCfg = Debug|Win32
		{AEB7FC97-00B4-4264-A8E0-F265ACFD4A1F}.Debug|x86.Build.0 = Debug|Win32
		{AEB7FC97-00B4-4264-A8E0-F265ACFD4A1F}.Release|x64.ActiveCfg = Release|x64
		{AEB7FC97-00B4-4264-A8E0-F265ACFD4A1F}.Release|x64.Build.0 = Release|x64
		{AEB7FC97-00B4-4264-A8E0-F265ACFD4A1F}.Release|x86.ActiveCfg = Release|Win32
		{AEB7FC97-00B4-4264-A8E0-F265ACFD4A1F}.Release|x86.Build.0 = Release|Win32
		{20969476-9E64-4E4F-981C-590900DB1EEA}.Debug|x64.ActiveCfg = Debug|x64
		{20969476-9E64-4E4F-981C-590900DB1EEA}.Debug|x64.Build.0 = Debug|x64
		{20969476-9E64-4E4F-981C-590900DB1EEA}.Debug|x86.ActiveCfg = Debug|Win32
		{20969476-9E64-4E4F-981C-590900DB1EEA}.Debug|x86.Build.0 = Debug|Win32
		{20969476-9E64-4E4F-981C-590900DB1EEA}.Release|x64.ActiveCfg = Release|x64
		{20969476-9E64-4E4F-981C-590900DB1EEA}.Release|x64.Build.0 = Release|x64
		{20969476-9E64-4E4F-981C-590900DB1EEA}.Release|x86.ActiveCfg = Release|Win32
		{20969476-9E64-4E4F-981C-590900DB1EEA}.Release|x86.Build.0 = Release|Win32
		{189239CA-029E-4124-826B-F30AE3A87D68}.Debug|x64.ActiveCfg = Debug|x64
		{189239CA-029E-4124-826B-F30AE3A87D68}.Debug|x64.Build.0 = Debug|x64
		{189239CA-029E-4124-826B-F30AE3A87D68}.Debug|x86.ActiveCfg = Debug|Win32
		{189239CA-029E-4124-826B-F30AE3A87D68}.Debug|x86.Build.0 = Debug|Win32
		{189239CA-029E-4124-826B-F30AE3A87D68}.Release|x64.ActiveCfg = Release|x64
		{189239CA-029E-4124-826B-F30AE3A87D68}.Release|x64.Build.0 = Release|x64
		{189239CA-029E-4124-826B-F30AE3A87D68}.Release|x86.ActiveCfg = Release|Win32
		{189239CA-029E-4124-826B-F30AE3A87D68}.Release|x86.Build.0 = Release|Win32
		{DDF1DCE3-3171-4DF4-872D-C729E9857D19}.Debug|x64.ActiveCfg = Debug|x64
		{DDF1DCE3-3171-4DF4-872D-C729E9857D19}.Debug|x64.Build.0 = Debug|x64
		{DDF1DCE3-3171-4DF4-872D-C729E9857D19}.Debug|x86.ActiveCfg = Debug|Win32
		{DDF1DCE3-3171-4DF4-872D-C729E9857D19}.Debug|x86.Build.0 = Debug|Win32
		{DDF1DCE3-3171-4DF4-872D-C729E9857D19}.Release|x64.ActiveCfg = Release|x64
		{DDF1DCE3-3171-4DF4-872D-C729E9857D19}.Release|x64.Build.0 = Release|x64
		{DDF1DCE3-3171-4DF4-872D-C729E9857D19}.Release|x86.ActiveCfg = Release|Win32
		{DDF1DCE3-3171-4DF4-872D-C729E9857D19}.Release|x86.Build.0 = Release|Win32
		{B6288555-A145-4E3A-9A6E-13D523272331}.Debug|x64.ActiveCfg = Debug|x64
		{B6288555-A145-4E3A-9A6E-13D523272331}.Debug|x64.Build.0 = Debug|x64
		{B6288555-A145-4E3A-9A6E-13D523272331}.Debug|x86.ActiveCfg = Debug|Win32
		{B6288555-A145-4E3A-9A6E-13D523272331}.Debug|x86.Build.0 = Debug|Win32
		{B6288555-A145-4E3A-9A6E-13D523272331}.Release|x64.ActiveCfg = Release|x64
		{B6288555-A145-4E3A-9A6E-13D523272331}.Release|x64.Build.0 = Release|x64
		{B6288555-A145-4E3A-9A6E-13D523272331}.Release|x86.ActiveCfg = Release|Win32
		{B6288555-A145-4E3A-9A6E-13D523272331}.Release|x86.Build.0 = Release|Win32
		{2A267ABC-21E2-4166-93FA-19AEB38B5C87}.Debug|x64.ActiveCfg = Debug|x64
		{2A267ABC-21E2-4166-93FA-19AEB38B5C87}.Debug|x64.Build.0 = Debug|x64
		{2A267ABC-21E2-4166-93FA-19AEB38B5C87}.Debug|x86.ActiveCfg = Debug|Win32
		{2A267ABC-21E2-4166-93FA-19AEB38B5C87}.Debug|x86.Build.0 = Debug|Win32
		{2A267ABC-21E2-4166-93FA-19AEB38B5C87}.Release|x64.ActiveCfg = Release|x64
		{2A267ABC-21E2-4166-93FA-19AEB38B5C87}.Release|x64.Build.0 = Release|x64
		{2A267ABC-21E2-4166-93FA-19AEB38B5C87}.Release|x86.ActiveCfg = Release|Win32
		{2A267ABC-21E2-4166-93FA-19AEB38B5C87}.Release|x86.Build.0 = Release|Win32
		{B5B41CDA-BE4B-43C8-9E9D-D7A261FA5396}.Debug|x64.ActiveCfg = Debug|x64
		{B5B41CDA-BE4B-43C8-9E9D-D7A261FA5396}.Debug|x64.Build.0 = Debug|x64
		{B5B41CDA-BE4B-43C8-9E9D-D7A261FA5396}.Debug|x86.ActiveCfg = Debug|Win32
		{B5B41CDA-BE4B-43C8-9E9D-D7A261FA5396}.Debug|x86.Build.0 = Debug|Win32
		{B5B41CDA-BE4B-43C8-9E9D-D7A261FA5396}.Release|x64.ActiveCfg = Release|x64
		{B5B41CDA-BE4B-43C8-9E9D-D7A261FA5396}.Release|x64.Build.0 = Release|x64
		{B5B41CDA-BE4B-43C8-9E9D-D7A261FA5396}.Release|x86.ActiveCfg = Release|Win32
		{B5B41CDA-BE4B-43C8-9E9D-D7A261FA5396}.Release|x86.Build.0 = Release|Win32
		{F9E896C3-C52E-47B9-96A8-58B819D69373}.Debug|x64.ActiveCfg = Debug|x64
		{F9E896C3-C52E-47B9-96A8-58B819D69373}.Debug|x64.Build.0 = Debug|x64
		{F9E896C3-C52E-47B9-96A8-58B819D69373}.Debug|x86.ActiveCfg = Debug|Win32
		{F9E896C3-C52E-47B9-96A8-58B819D69373}.Debug|x86.Build.0 = Debug|Win32
		{F9E896C3-C52E-47B9-96A8-58B819D69373}.Release|x64.ActiveCfg = Release|x64
		{F9E896C3-C52E-47B9-96A8-58B819D69373}.Release|x64.Build.0 = Release|x64
		{F9E896C3-C52E-47B9-96A8-58B819D69373}.Release|x86.ActiveCfg = Release|Win32
		{F9E896C3-C52E-47B9-96A8-58B819D69373}.Release|x86.Build.0 = Release|Win32
		{F5428427-2228-408B-81FD-F75CFDD4F2B4}.Debug|x64.ActiveCfg = Debug|x64
		{F5428427-2228-408B-81FD-F75CFDD4F2B4}.Debug|x64.Build.0 = Debug|x64
		{F5428427-2228-408B-81FD-F75CFDD4F2B4}.Debug|x86.ActiveCfg = Debug|Win32
		{F5428427-2228-408B-81FD-F75CFDD4F2B4}.Debug|x86.Build.0 = Debug|Win32
		{F5428427-2228-408B-81FD-F75CFDD4F2B4}.Release|x64.ActiveCfg = Release|x64
		{F5428427-2228-408B-81FD-F75CFDD4F2B4}.Release|x64.Build.0 = Release|x64
		{F5428427-2228-408B-81FD-F75CFDD4F2B4}.Release|x86.ActiveCfg = Release|Win32
		{F5428427-2228-408B-81FD-F75CFDD4F2B4}.Release|x86.Build.0 = Release|Win32
		{FE6094EE-5371-4D9B-A90A-0C5D12632EBF}.Debug|x64.ActiveCfg = Debug|x64
		{FE6094EE-5371-4D9B-A90A-0C5D12632EBF}.Debug|x64.Build.0 = Debug|x64
		{FE6094EE-5371-4D9B-A90A-0C5D12632EBF}.Debug|x86.ActiveCfg = Debug|Win32
		{FE6094EE-5371-4D9B-A90A-0C5D12632EBF}.Debug|x86.Build.0 = Debug|Win32
		{FE6094EE-5371-4D9B-A90A-0C5D12632EBF}.Release|x64.ActiveCfg = Release|x64
		{FE6094EE-5371-4D9B-A90A-0C5D12632EBF}.Release|x64.Build.0 = Release|x64
		{FE6094EE-5371-4D9B-A90A-0C5D12632EBF}.Release|x86.ActiveCfg = Release|Win32
		{FE6094EE-5371-4D9B-A90A-0C5D12632EBF}.Release|x86.Build.0 = Release|Win32
		{46BF246B-4151-4048-B4CC-285D1A343CE2}.Debug|x64.ActiveCfg = Debug|x64
		{46BF246B-4151-4048-B4CC-285D1A343CE2}.Debug|x64.Build.0 = Debug|x64
		{46BF246B-4151-4048-B4CC-285D1A343CE2}.Debug|x86.ActiveCfg = Debug|Win32
		{46BF246B-4151-4048-B4CC-285D1A343CE2}.Debug|x86.Build.0 = Debug|Win32
		{46BF246B-4151-4048-B4CC-285D1A343CE2}.Release|x64.ActiveCfg = Release|x64
		{46BF246B-4151-4048-B4CC-285D1A343CE2}.Release|x64.Build.0 = Release|x64
		{46BF246B-4151-4048-B4CC-285D1A343CE2}.Release|x86.ActiveCfg = Release|Win32
		{46BF246B-4151-4048-B4CC-285D1A343CE2}.Release|x86.Build.0 = Release|Win32
		{1536271F-BCB7-4A9A-BFDB-78FABE8D82B7}.Debug|x64.ActiveCfg = Debug|x64
		{1536271F-BCB7-4A9A-BFDB-78FABE8D82B7}.Debug|x64.Build.0 = Debug|x64
		{1536271F-BCB7-4A9A-BFDB-78FABE8D82B7}.Debug|x86.ActiveCfg = Debug|Win32
		{1536271F-BCB7-4A9A-BFDB-78FABE8D82B7}.Debug|x86.Build.0 = Debug|Win32
		{1536271F-BCB7-4A9A-BFDB-78FABE8D82B7}.Release|x64.ActiveCfg = Release|x64
		{1536271F-BCB7-4A9A-BFDB-78FABE8D82B7}.Release|x64.Build.0 = Release|x64
		{1536271F-BCB7-4A9A-BFDB-78FABE8D82B7}.Release|x86.ActiveCfg = Release|Win32
		{1536271F-BCB7-4A9A-BFDB-78FABE8D82B7}.Release|x86.Build.0 = Release|Win32
		{DACA3506-77BD-4532-A8A0-6D5D5E1A5558}.Debug|x64.ActiveCfg = Debug|x64
		{DACA3506-77BD-4532-A8A0-6D5D5E1A5558}.Debug|x64.Build.0 = Debug|x64
		{DACA3506-77BD-4532-A8A0-6D5D5E1A5558}.Debug|x86.ActiveCfg = Debug|Win32
		{DACA3506-77BD-4532-A8A0-6D5D5E1A5558}.Debug|x86.Build.0 = Debug|Win32
		{DACA3506-77BD-4532-A8A0-6D5D5E1A5558}.Release|x64.ActiveCfg = Release|x64
		{DACA3506-77BD-4532-A8A0-6D5D5E1A5558}.Release|x64.Build.0 = Release|x64
		{DACA3506-77BD-4532-A8A0-6D5D5E1A5558}.Release|x86.ActiveCfg = Release|Win32
		{DACA3506-77BD-4532-A8A0-6D5D5E1A5558}.Release|x86.Build.0 = Release|Win32
		{12F21AB0-F00E-426D-A3D1-E47DE8CDBAE8}.Debug|x64.ActiveCfg = Debug|x64
		{12F21AB0-F00E-426D-A3D1-E47DE8CDBAE8}.Debug|x64.Build.0 = Debug|x64
		{12F21AB0-F00E-426D-A3D1-E47DE8CDBAE8}.Debug|x86.ActiveCfg = Debug|Win32
		{12F21AB0-F00E-426D-A3D1-E47DE8CDBAE8}.Debug|x86.Build.0 = Debug|Win32
		{12F21AB0-F00E-426D-A3D1-E47DE8CDBAE8}.Release|x64.ActiveCfg = Release|x64
		{12F21AB0-F00E-426D-A3D1-E47DE8CDBAE8}.Release|x64.Build.0 = Release|x64
		{12F21AB0-F00E-426D-A3D1-E47DE8CDBAE8}.Release|x86.ActiveCfg = Release|Win32
		{12F21AB0-F00E-426D-A3D1-E47DE8CDBAE8}.Release|x86.Build.0 = Release|Win32
		{F0BA1CD4-B8E5-437D-B0D4-1DAF4A652AB3}.Debug|x64.ActiveCfg = Debug|x64
		{F0BA1CD4-B8E5-437D-B0D4-1DAF4A652AB3}.Debug|x64.Build.0 = Debug|x64
		{F0BA1CD4-B8E5-437D-B0D4-1DAF4A652AB3}.Debug|x86.ActiveCfg = Debug|Win32
		{F0BA1CD4-B8E5-437D-B0D4-1DAF4A652AB3}.Debug|x86.Build.0 = Debug|Win32
		{F0BA1CD4-B8E5-437D-B0D4-1DAF4A652AB3}.Release|x64.ActiveCfg = Release|x64
		{F0BA1CD4-B8E5-437D-B0D4-1DAF4A652AB3}.Release|x64.Build.0 = Release|x64
		{F0BA1CD4-B8E5-437D-B0D4-1DAF4A652AB3}.Release|x86.ActiveCfg = Release|Win32
		{F0BA1CD4-B8E5-437D-B0D4-1DAF4A652AB3}.Release|x86.Build.0 = Release|Win32
	EndGlobalSection
	GlobalSection(SolutionProperties) = preSolution
		HideSolutionNode = FALSE
	EndGlobalSection
	GlobalSection(NestedProjects) = preSolution
		{3C0D173C-82A1-43AB-8E9C-DE3F0067AD59} = {E9DBB2E8-C9C5-4F46-9E6D-84D796FF4ABB}
		{84B611CC-F139-4EC6-8ABB-7BD176E152A8} = {E9DBB2E8-C9C5-4F46-9E6D-84D796FF4ABB}
		{5E4753A9-63CA-449D-A28D-E0B9F77BE1E2} = {E9DBB2E8-C9C5-4F46-9E6D-84D796FF4ABB}
		{59D4112B-F51B-4FCE-ADD0-A6DA933FE708} = {E9DBB2E8-C9C5-4F46-9E6D-84D796FF4ABB}
		{E97885DB-2D89-40CC-B608-8E9071FB3930} = {E9DBB2E8-C9C5-4F46-9E6D-84D796FF4ABB}
		{388C602D-8120-40F4-B6FD-69A3559374B6} = {E9DBB2E8-C9C5-4F46-9E6D-84D796FF4ABB}
		{AEB7FC97-00B4-4264-A8E0-F265ACFD4A1F} = {E9DBB2E8-C9C5-4F46-9E6D-84D796FF4ABB}
		{20969476-9E64-4E4F-981C-590900DB1EEA} = {E9DBB2E8-C9C5-4F46-9E6D-84D796FF4ABB}
		{189239CA-029E-4124-826B-F30AE3A87D68} = {E9DBB2E8-C9C5-4F46-9E6D-84D796FF4ABB}
		{DDF1DCE3-3171-4DF4-872D-C729E9857D19} = {E9DBB2E8-C9C5-4F46-9E6D-84D796FF4ABB}
		{B6288555-A145-4E3A-9A6E-13D523272331} = {E9DBB2E8-C9C5-4F46-9E6D-84D796FF4ABB}
		{2A267ABC-21E2-4166-93FA-19AEB38B5C87} = {E9DBB2E8-C9C5-4F46-9E6D-84D796FF4ABB}
		{B5B41CDA-BE4B-43C8-9E9D-D7A261FA5396} = {E9DBB2E8-C9C5-4F46-9E6D-84D796FF4ABB}
		{F9E896C3-C52E-47B9-96A8-58B819D69373} = {E9DBB2E8-C9C5-4F46-9E6D-84D796FF4ABB}
		{F5428427-2228-408B-81FD-F75CFDD4F2B4} = {E9DBB2E8-C9C5-4F46-9E6D-84D796FF4ABB}
		{FE6094EE-5371-4D9B-A90A-0C5D12632EBF} = {E9DBB2E8-C9C5-4F46-9E6D-84D796FF4ABB}
		{46BF246B-4151-4048-B4CC-285D1A343CE2} = {E9DBB2E8-C9C5-4F46-9E6D-84D796FF4ABB}
		{1536271F-BCB7-4A9A-BFDB-78FABE8D82B7} = {E9DBB2E8-C9C5-4F46-9E6D-84D796FF4ABB}
		{DACA3506-77BD-4532-A8A0-6D5D5E1A5558} = {E9DBB2E8-C9C5-4F46-9E6D-84D796FF4ABB}
		{12F21AB0-F00E-426D-A3D1-E47DE8CDBAE8} = {E9DBB2E8-C9C5-4F46-9E6D-84D796FF4ABB}
		{F0BA1CD4-B8E5-437D-B0D4-1DAF4A652AB3} = {E9DBB2E8-C9C5-4F46-9E6D-84D796FF4ABB}
	EndGlobalSection
	GlobalSection(ExtensibilityGlobals) = postSolution
		SolutionGuid = {A2B87694-5EB1-4C97-9262-7E18C4A3702E}
	EndGlobalSection
EndGlobal
