<?xml version="1.0" encoding="utf-8"?>
<Project ToolsVersion="4.0" xmlns="http://schemas.microsoft.com/developer/msbuild/2003">
  <ItemGroup>
    <Filter Include="Source Files">
      <UniqueIdentifier>{4FC737F1-C7A5-4376-A066-2A32D752A2FF}</UniqueIdentifier>
      <Extensions>cpp;c;cc;cxx;def;odl;idl;hpj;bat;asm;asmx</Extensions>
    </Filter>
    <Filter Include="Header Files">
      <UniqueIdentifier>{93995380-89BD-4b04-88EB-625FBE52EBFB}</UniqueIdentifier>
      <Extensions>h;hh;hpp;hxx;hm;inl;inc;ipp;xsd</Extensions>
    </Filter>
    <Filter Include="Resource Files">
      <UniqueIdentifier>{67DA6AB6-F800-4c08-8B7A-83BB121AAD01}</UniqueIdentifier>
      <Extensions>rc;ico;cur;bmp;dlg;rc2;rct;bin;rgs;gif;jpg;jpeg;jpe;resx;tiff;tif;png;wav;mfcribbon-ms</Extensions>
    </Filter>
    <Filter Include="engine">
      <UniqueIdentifier>{74824303-7147-4134-b9c2-0b8307b59d44}</UniqueIdentifier>
    </Filter>
    <Filter Include="graphics">
      <UniqueIdentifier>{c3db4432-9b5b-4a68-8813-32f7f67b38e8}</UniqueIdentifier>
    </Filter>
    <Filter Include="math">
      <UniqueIdentifier>{e48bfb82-8c00-4045-a266-5b5918deb3f1}</UniqueIdentifier>
    </Filter>
    <Filter Include="types">
      <UniqueIdentifier>{24bcc5a5-909a-4655-b1b9-5398ecd8f48a}</UniqueIdentifier>
    </Filter>
    <Filter Include="audio">
      <UniqueIdentifier>{9248dddd-5382-4608-8c3f-7e9c40ec9eff}</UniqueIdentifier>
    </Filter>
  </ItemGroup>
  <ItemGroup>
    <ClInclude Include="..\..\32blit\32blit.hpp">
      <Filter>Header Files</Filter>
    </ClInclude>
    <ClInclude Include="..\..\32blit\helpers.hpp">
      <Filter>Header Files</Filter>
    </ClInclude>
    <ClInclude Include="..\..\32blit\engine\engine.hpp">
      <Filter>engine</Filter>
    </ClInclude>
    <ClInclude Include="..\..\32blit\engine\input.hpp">
      <Filter>engine</Filter>
    </ClInclude>
    <ClInclude Include="..\..\32blit\engine\output.hpp">
      <Filter>engine</Filter>
    </ClInclude>
    <ClInclude Include="..\..\32blit\engine\particle.hpp">
      <Filter>engine</Filter>
    </ClInclude>
    <ClInclude Include="..\..\32blit\engine\timer.hpp">
      <Filter>engine</Filter>
    </ClInclude>
    <ClInclude Include="..\..\32blit\engine\tweening.hpp">
      <Filter>engine</Filter>
    </ClInclude>
    <ClInclude Include="..\..\32blit\graphics\blend.hpp">
      <Filter>graphics</Filter>
    </ClInclude>
    <ClInclude Include="..\..\32blit\graphics\color.hpp">
      <Filter>graphics</Filter>
    </ClInclude>
    <ClInclude Include="..\..\32blit\graphics\font.hpp">
      <Filter>graphics</Filter>
    </ClInclude>
    <ClInclude Include="..\..\32blit\graphics\mode7.hpp">
      <Filter>graphics</Filter>
    </ClInclude>
    <ClInclude Include="..\..\32blit\graphics\sprite.hpp">
      <Filter>graphics</Filter>
    </ClInclude>
    <ClInclude Include="..\..\32blit\graphics\surface.hpp">
      <Filter>graphics</Filter>
    </ClInclude>
    <ClInclude Include="..\..\32blit\graphics\tilemap.hpp">
      <Filter>graphics</Filter>
    </ClInclude>
    <ClInclude Include="..\..\32blit\math\interpolation.hpp">
      <Filter>math</Filter>
    </ClInclude>
    <ClInclude Include="..\..\32blit\types\map.hpp">
      <Filter>types</Filter>
    </ClInclude>
    <ClInclude Include="..\..\32blit\types\mat3.hpp">
      <Filter>types</Filter>
    </ClInclude>
    <ClInclude Include="..\..\32blit\types\mat4.hpp">
      <Filter>types</Filter>
    </ClInclude>
    <ClInclude Include="..\..\32blit\types\point.hpp">
      <Filter>types</Filter>
    </ClInclude>
    <ClInclude Include="..\..\32blit\types\rect.hpp">
      <Filter>types</Filter>
    </ClInclude>
    <ClInclude Include="..\..\32blit\types\size.hpp">
      <Filter>types</Filter>
    </ClInclude>
    <ClInclude Include="..\..\32blit\types\vec2.hpp">
      <Filter>types</Filter>
    </ClInclude>
    <ClInclude Include="..\..\32blit\types\vec3.hpp">
      <Filter>types</Filter>
    </ClInclude>
    <ClInclude Include="..\..\32blit\audio\audio.hpp">
      <Filter>audio</Filter>
    </ClInclude>
    <ClInclude Include="..\..\32blit\math\geometry.hpp">
      <Filter>math</Filter>
    </ClInclude>
  </ItemGroup>
  <ItemGroup>
    <ClCompile Include="..\..\32blit\engine\engine.cpp">
      <Filter>engine</Filter>
    </ClCompile>
    <ClCompile Include="..\..\32blit\engine\input.cpp">
      <Filter>engine</Filter>
    </ClCompile>
    <ClCompile Include="..\..\32blit\engine\output.cpp">
      <Filter>engine</Filter>
    </ClCompile>
    <ClCompile Include="..\..\32blit\engine\particle.cpp">
      <Filter>engine</Filter>
    </ClCompile>
    <ClCompile Include="..\..\32blit\engine\timer.cpp">
      <Filter>engine</Filter>
    </ClCompile>
    <ClCompile Include="..\..\32blit\engine\tweening.cpp">
      <Filter>engine</Filter>
    </ClCompile>
    <ClCompile Include="..\..\32blit\graphics\blend.cpp">
      <Filter>graphics</Filter>
    </ClCompile>
    <ClCompile Include="..\..\32blit\graphics\color.cpp">
      <Filter>graphics</Filter>
    </ClCompile>
    <ClCompile Include="..\..\32blit\graphics\filter.cpp">
      <Filter>graphics</Filter>
    </ClCompile>
    <ClCompile Include="..\..\32blit\graphics\font.cpp">
      <Filter>graphics</Filter>
    </ClCompile>
    <ClCompile Include="..\..\32blit\graphics\mask.cpp">
      <Filter>graphics</Filter>
    </ClCompile>
    <ClCompile Include="..\..\32blit\graphics\mode7.cpp">
      <Filter>graphics</Filter>
    </ClCompile>
    <ClCompile Include="..\..\32blit\graphics\primitive.cpp">
      <Filter>graphics</Filter>
    </ClCompile>
    <ClCompile Include="..\..\32blit\graphics\sprite.cpp">
      <Filter>graphics</Filter>
    </ClCompile>
    <ClCompile Include="..\..\32blit\graphics\surface.cpp">
      <Filter>graphics</Filter>
    </ClCompile>
    <ClCompile Include="..\..\32blit\graphics\text.cpp">
      <Filter>graphics</Filter>
    </ClCompile>
    <ClCompile Include="..\..\32blit\graphics\tilemap.cpp">
      <Filter>graphics</Filter>
    </ClCompile>
    <ClCompile Include="..\..\32blit\math\interpolation.cpp">
      <Filter>math</Filter>
    </ClCompile>
    <ClCompile Include="..\..\32blit\types\map.cpp">
      <Filter>types</Filter>
    </ClCompile>
    <ClCompile Include="..\..\32blit\types\mat3.cpp">
      <Filter>types</Filter>
    </ClCompile>
    <ClCompile Include="..\..\32blit\types\mat4.cpp">
      <Filter>types</Filter>
    </ClCompile>
    <ClCompile Include="..\..\32blit\types\vec2.cpp">
      <Filter>types</Filter>
    </ClCompile>
    <ClCompile Include="..\..\32blit\types\vec3.cpp">
      <Filter>types</Filter>
    </ClCompile>
    <ClCompile Include="..\..\32blit\audio\audio.cpp">
      <Filter>audio</Filter>
    </ClCompile>
    <ClCompile Include="..\..\32blit\math\geometry.cpp">
      <Filter>math</Filter>
    </ClCompile>
  </ItemGroup>
</Project>