
Microsoft Visual Studio Solution File, Format Version 12.00
# Visual Studio Version 16
VisualStudioVersion = 16.0.29613.14
MinimumVisualStudioVersion = 10.0.40219.1
Project("{8BC9CEB8-8B4A-11D0-8D11-00A0C91BC942}") = "32blit", "32blit\32blit.vcxproj", "{280015A3-83D7-416F-A181-7CF88BCCE12F}"
EndProject
Project("{8BC9CEB8-8B4A-11D0-8D11-00A0C91BC942}") = "32blit-sdl", "32blit-sdl\32blit-sdl.vcxproj", "{85DB89B5-DEA0-4429-B41E-0CAA7DB907BA}"
EndProject
Project("{2150E333-8FDC-42A3-9474-1A3956D46DE8}") = "examples", "examples", "{E9DBB2E8-C9C5-4F46-9E6D-84D796FF4ABB}"
EndProject
Project("{8BC9CEB8-8B4A-11D0-8D11-00A0C91BC942}") = "logo", "logo\logo.vcxproj", "{3C0D173C-82A1-43AB-8E9C-DE3F0067AD59}"
EndProject
Project("{8BC9CEB8-8B4A-11D0-8D11-00A0C91BC942}") = "doom-fire", "doom-fire\doom-fire.vcxproj", "{84B611CC-F139-4EC6-8ABB-7BD176E152A8}"
EndProject
Project("{8BC9CEB8-8B4A-11D0-8D11-00A0C91BC942}") = "fizzlefade", "fizzlefade\fizzlefade.vcxproj", "{5E4753A9-63CA-449D-A28D-E0B9F77BE1E2}"
EndProject
Project("{8BC9CEB8-8B4A-11D0-8D11-00A0C91BC942}") = "flight", "flight\flight.vcxproj", "{59D4112B-F51B-4FCE-ADD0-A6DA933FE708}"
EndProject
Project("{8BC9CEB8-8B4A-11D0-8D11-00A0C91BC942}") = "geometry", "geometry\geometry.vcxproj", "{E97885DB-2D89-40CC-B608-8E9071FB3930}"
EndProject
Project("{8BC9CEB8-8B4A-11D0-8D11-00A0C91BC942}") = "hardware-test", "hardware-test\hardware-test.vcxproj", "{388C602D-8120-40F4-B6FD-69A3559374B6}"
EndProject
Global
	GlobalSection(SolutionConfigurationPlatforms) = preSolution
		Debug|x64 = Debug|x64
		Debug|x86 = Debug|x86
		Release|x64 = Release|x64
		Release|x86 = Release|x86
	EndGlobalSection
	GlobalSection(ProjectConfigurationPlatforms) = postSolution
		{280015A3-83D7-416F-A181-7CF88BCCE12F}.Debug|x64.ActiveCfg = Debug|x64
		{280015A3-83D7-416F-A181-7CF88BCCE12F}.Debug|x64.Build.0 = Debug|x64
		{280015A3-83D7-416F-A181-7CF88BCCE12F}.Debug|x86.ActiveCfg = Debug|Win32
		{280015A3-83D7-416F-A181-7CF88BCCE12F}.Debug|x86.Build.0 = Debug|Win32
		{280015A3-83D7-416F-A181-7CF88BCCE12F}.Release|x64.ActiveCfg = Release|x64
		{280015A3-83D7-416F-A181-7CF88BCCE12F}.Release|x64.Build.0 = Release|x64
		{280015A3-83D7-416F-A181-7CF88BCCE12F}.Release|x86.ActiveCfg = Release|Win32
		{280015A3-83D7-416F-A181-7CF88BCCE12F}.Release|x86.Build.0 = Release|Win32
		{85DB89B5-DEA0-4429-B41E-0CAA7DB907BA}.Debug|x64.ActiveCfg = Debug|x64
		{85DB89B5-DEA0-4429-B41E-0CAA7DB907BA}.Debug|x64.Build.0 = Debug|x64
		{85DB89B5-DEA0-4429-B41E-0CAA7DB907BA}.Debug|x86.ActiveCfg = Debug|Win32
		{85DB89B5-DEA0-4429-B41E-0CAA7DB907BA}.Debug|x86.Build.0 = Debug|Win32
		{85DB89B5-DEA0-4429-B41E-0CAA7DB907BA}.Release|x64.ActiveCfg = Release|x64
		{85DB89B5-DEA0-4429-B41E-0CAA7DB907BA}.Release|x64.Build.0 = Release|x64
		{85DB89B5-DEA0-4429-B41E-0CAA7DB907BA}.Release|x86.ActiveCfg = Release|Win32
		{85DB89B5-DEA0-4429-B41E-0CAA7DB907BA}.Release|x86.Build.0 = Release|Win32
		{3C0D173C-82A1-43AB-8E9C-DE3F0067AD59}.Debug|x64.ActiveCfg = Debug|x64
		{3C0D173C-82A1-43AB-8E9C-DE3F0067AD59}.Debug|x64.Build.0 = Debug|x64
		{3C0D173C-82A1-43AB-8E9C-DE3F0067AD59}.Debug|x86.ActiveCfg = Debug|Win32
		{3C0D173C-82A1-43AB-8E9C-DE3F0067AD59}.Debug|x86.Build.0 = Debug|Win32
		{3C0D173C-82A1-43AB-8E9C-DE3F0067AD59}.Release|x64.ActiveCfg = Release|x64
		{3C0D173C-82A1-43AB-8E9C-DE3F0067AD59}.Release|x64.Build.0 = Release|x64
		{3C0D173C-82A1-43AB-8E9C-DE3F0067AD59}.Release|x86.ActiveCfg = Release|Win32
		{3C0D173C-82A1-43AB-8E9C-DE3F0067AD59}.Release|x86.Build.0 = Release|Win32
		{84B611CC-F139-4EC6-8ABB-7BD176E152A8}.Debug|x64.ActiveCfg = Debug|x64
		{84B611CC-F139-4EC6-8ABB-7BD176E152A8}.Debug|x64.Build.0 = Debug|x64
		{84B611CC-F139-4EC6-8ABB-7BD176E152A8}.Debug|x86.ActiveCfg = Debug|Win32
		{84B611CC-F139-4EC6-8ABB-7BD176E152A8}.Debug|x86.Build.0 = Debug|Win32
		{84B611CC-F139-4EC6-8ABB-7BD176E152A8}.Release|x64.ActiveCfg = Release|x64
		{84B611CC-F139-4EC6-8ABB-7BD176E152A8}.Release|x64.Build.0 = Release|x64
		{84B611CC-F139-4EC6-8ABB-7BD176E152A8}.Release|x86.ActiveCfg = Release|Win32
		{84B611CC-F139-4EC6-8ABB-7BD176E152A8}.Release|x86.Build.0 = Release|Win32
		{5E4753A9-63CA-449D-A28D-E0B9F77BE1E2}.Debug|x64.ActiveCfg = Debug|x64
		{5E4753A9-63CA-449D-A28D-E0B9F77BE1E2}.Debug|x64.Build.0 = Debug|x64
		{5E4753A9-63CA-449D-A28D-E0B9F77BE1E2}.Debug|x86.ActiveCfg = Debug|Win32
		{5E4753A9-63CA-449D-A28D-E0B9F77BE1E2}.Debug|x86.Build.0 = Debug|Win32
		{5E4753A9-63CA-449D-A28D-E0B9F77BE1E2}.Release|x64.ActiveCfg = Release|x64
		{5E4753A9-63CA-449D-A28D-E0B9F77BE1E2}.Release|x64.Build.0 = Release|x64
		{5E4753A9-63CA-449D-A28D-E0B9F77BE1E2}.Release|x86.ActiveCfg = Release|Win32
		{5E4753A9-63CA-449D-A28D-E0B9F77BE1E2}.Release|x86.Build.0 = Release|Win32
		{59D4112B-F51B-4FCE-ADD0-A6DA933FE708}.Debug|x64.ActiveCfg = Debug|x64
		{59D4112B-F51B-4FCE-ADD0-A6DA933FE708}.Debug|x64.Build.0 = Debug|x64
		{59D4112B-F51B-4FCE-ADD0-A6DA933FE708}.Debug|x86.ActiveCfg = Debug|Win32
		{59D4112B-F51B-4FCE-ADD0-A6DA933FE708}.Debug|x86.Build.0 = Debug|Win32
		{59D4112B-F51B-4FCE-ADD0-A6DA933FE708}.Release|x64.ActiveCfg = Release|x64
		{59D4112B-F51B-4FCE-ADD0-A6DA933FE708}.Release|x64.Build.0 = Release|x64
		{59D4112B-F51B-4FCE-ADD0-A6DA933FE708}.Release|x86.ActiveCfg = Release|Win32
		{59D4112B-F51B-4FCE-ADD0-A6DA933FE708}.Release|x86.Build.0 = Release|Win32
		{E97885DB-2D89-40CC-B608-8E9071FB3930}.Debug|x64.ActiveCfg = Debug|x64
		{E97885DB-2D89-40CC-B608-8E9071FB3930}.Debug|x64.Build.0 = Debug|x64
		{E97885DB-2D89-40CC-B608-8E9071FB3930}.Debug|x86.ActiveCfg = Debug|Win32
		{E97885DB-2D89-40CC-B608-8E9071FB3930}.Debug|x86.Build.0 = Debug|Win32
		{E97885DB-2D89-40CC-B608-8E9071FB3930}.Release|x64.ActiveCfg = Release|x64
		{E97885DB-2D89-40CC-B608-8E9071FB3930}.Release|x64.Build.0 = Release|x64
		{E97885DB-2D89-40CC-B608-8E9071FB3930}.Release|x86.ActiveCfg = Release|Win32
		{E97885DB-2D89-40CC-B608-8E9071FB3930}.Release|x86.Build.0 = Release|Win32
		{388C602D-8120-40F4-B6FD-69A3559374B6}.Debug|x64.ActiveCfg = Debug|x64
		{388C602D-8120-40F4-B6FD-69A3559374B6}.Debug|x64.Build.0 = Debug|x64
		{388C602D-8120-40F4-B6FD-69A3559374B6}.Debug|x86.ActiveCfg = Debug|Win32
		{388C602D-8120-40F4-B6FD-69A3559374B6}.Debug|x86.Build.0 = Debug|Win32
		{388C602D-8120-40F4-B6FD-69A3559374B6}.Release|x64.ActiveCfg = Release|x64
		{388C602D-8120-40F4-B6FD-69A3559374B6}.Release|x64.Build.0 = Release|x64
		{388C602D-8120-40F4-B6FD-69A3559374B6}.Release|x86.ActiveCfg = Release|Win32
		{388C602D-8120-40F4-B6FD-69A3559374B6}.Release|x86.Build.0 = Release|Win32
	EndGlobalSection
	GlobalSection(SolutionProperties) = preSolution
		HideSolutionNode = FALSE
	EndGlobalSection
	GlobalSection(NestedProjects) = preSolution
		{3C0D173C-82A1-43AB-8E9C-DE3F0067AD59} = {E9DBB2E8-C9C5-4F46-9E6D-84D796FF4ABB}
		{84B611CC-F139-4EC6-8ABB-7BD176E152A8} = {E9DBB2E8-C9C5-4F46-9E6D-84D796FF4ABB}
		{5E4753A9-63CA-449D-A28D-E0B9F77BE1E2} = {E9DBB2E8-C9C5-4F46-9E6D-84D796FF4ABB}
		{59D4112B-F51B-4FCE-ADD0-A6DA933FE708} = {E9DBB2E8-C9C5-4F46-9E6D-84D796FF4ABB}
		{E97885DB-2D89-40CC-B608-8E9071FB3930} = {E9DBB2E8-C9C5-4F46-9E6D-84D796FF4ABB}
		{388C602D-8120-40F4-B6FD-69A3559374B6} = {E9DBB2E8-C9C5-4F46-9E6D-84D796FF4ABB}
	EndGlobalSection
	GlobalSection(ExtensibilityGlobals) = postSolution
		SolutionGuid = {A2B87694-5EB1-4C97-9262-7E18C4A3702E}
	EndGlobalSection
EndGlobal
